// !$*UTF8*$!
{
	archiveVersion = 1;
	classes = {
	};
	objectVersion = 56;
	objects = {

/* Begin PBXBuildFile section */
		2305A50F2AA2B039008F9920 /* SwipeAction.swift in Sources */ = {isa = PBXBuildFile; fileRef = 2305A50E2AA2B039008F9920 /* SwipeAction.swift */; };
		2305A5112AA2B09D008F9920 /* SwipeAction+Button.swift in Sources */ = {isa = PBXBuildFile; fileRef = 2305A5102AA2B09D008F9920 /* SwipeAction+Button.swift */; };
		2305A5132AA2B0A6008F9920 /* SwipeAction+View.swift in Sources */ = {isa = PBXBuildFile; fileRef = 2305A5122AA2B0A6008F9920 /* SwipeAction+View.swift */; };
		2305BCEE2A49ADF8009C7DAD /* Launch Screen.storyboard in Resources */ = {isa = PBXBuildFile; fileRef = 2305BCED2A49ADF8009C7DAD /* Launch Screen.storyboard */; };
		2306FD932A8FCB5D002F323D /* Button+Design.swift in Sources */ = {isa = PBXBuildFile; fileRef = 2306FD922A8FCB5D002F323D /* Button+Design.swift */; };
		2306FD972A8FCFEB002F323D /* Task.swift in Sources */ = {isa = PBXBuildFile; fileRef = 2306FD962A8FCFEB002F323D /* Task.swift */; };
		2306FD992A8FCFF4002F323D /* Task+Feature.swift in Sources */ = {isa = PBXBuildFile; fileRef = 2306FD982A8FCFF4002F323D /* Task+Feature.swift */; };
		2306FD9B2A8FCFFB002F323D /* Task+View.swift in Sources */ = {isa = PBXBuildFile; fileRef = 2306FD9A2A8FCFFB002F323D /* Task+View.swift */; };
		2306FD9F2A8FD346002F323D /* BottomSheet.swift in Sources */ = {isa = PBXBuildFile; fileRef = 2306FD9E2A8FD346002F323D /* BottomSheet.swift */; };
		2306FDA12A8FD350002F323D /* Header.swift in Sources */ = {isa = PBXBuildFile; fileRef = 2306FDA02A8FD350002F323D /* Header.swift */; };
		2306FDA32A8FD5DC002F323D /* Header+Feature.swift in Sources */ = {isa = PBXBuildFile; fileRef = 2306FDA22A8FD5DC002F323D /* Header+Feature.swift */; };
		2306FDA52A8FD5E6002F323D /* Header+View.swift in Sources */ = {isa = PBXBuildFile; fileRef = 2306FDA42A8FD5E6002F323D /* Header+View.swift */; };
		2306FDA72A8FD5F4002F323D /* BottomSheet+Feature.swift in Sources */ = {isa = PBXBuildFile; fileRef = 2306FDA62A8FD5F4002F323D /* BottomSheet+Feature.swift */; };
		2306FDA92A8FD5FC002F323D /* BottomSheet+View.swift in Sources */ = {isa = PBXBuildFile; fileRef = 2306FDA82A8FD5FC002F323D /* BottomSheet+View.swift */; };
		231E6C982A8F1910009569C1 /* ButtonStyle+Extensions.swift in Sources */ = {isa = PBXBuildFile; fileRef = 231E6C972A8F1910009569C1 /* ButtonStyle+Extensions.swift */; };
		231E6C9B2A8F1942009569C1 /* PressBorderedButtonStyle.swift in Sources */ = {isa = PBXBuildFile; fileRef = 231E6C9A2A8F1942009569C1 /* PressBorderedButtonStyle.swift */; };
		231E6C9D2A8F1964009569C1 /* ScaleButtonStyle.swift in Sources */ = {isa = PBXBuildFile; fileRef = 231E6C9C2A8F1964009569C1 /* ScaleButtonStyle.swift */; };
		231FF94E2A59FE8F0071CF74 /* Color+Extensions.swift in Sources */ = {isa = PBXBuildFile; fileRef = 231FF94D2A59FE8F0071CF74 /* Color+Extensions.swift */; };
		23429E9C2A9915BA00104F02 /* CheckboxToggleStyle.swift in Sources */ = {isa = PBXBuildFile; fileRef = 23429E9B2A9915BA00104F02 /* CheckboxToggleStyle.swift */; };
		234749462A953CF400B19513 /* ScrollViewDetector.swift in Sources */ = {isa = PBXBuildFile; fileRef = 234749452A953CF400B19513 /* ScrollViewDetector.swift */; };
		2354BE092A73ECE4003E4CA9 /* AppDelegate.swift in Sources */ = {isa = PBXBuildFile; fileRef = 2354BE072A73ECE4003E4CA9 /* AppDelegate.swift */; };
		2354BE0A2A73ECE4003E4CA9 /* App.swift in Sources */ = {isa = PBXBuildFile; fileRef = 2354BE082A73ECE4003E4CA9 /* App.swift */; };
		23582F532A71E50600FDF7FE /* Root.swift in Sources */ = {isa = PBXBuildFile; fileRef = 23582F522A71E50600FDF7FE /* Root.swift */; };
		23582F572A71E53300FDF7FE /* Root+View.swift in Sources */ = {isa = PBXBuildFile; fileRef = 23582F562A71E53300FDF7FE /* Root+View.swift */; };
		23582F592A71E53E00FDF7FE /* Root+Feature.swift in Sources */ = {isa = PBXBuildFile; fileRef = 23582F582A71E53E00FDF7FE /* Root+Feature.swift */; };
		23582F5B2A71E9E600FDF7FE /* Home.swift in Sources */ = {isa = PBXBuildFile; fileRef = 23582F5A2A71E9E600FDF7FE /* Home.swift */; };
		23582F5D2A71E9F900FDF7FE /* Home+Feature.swift in Sources */ = {isa = PBXBuildFile; fileRef = 23582F5C2A71E9F900FDF7FE /* Home+Feature.swift */; };
		23582F5F2A71EA0200FDF7FE /* Home+View.swift in Sources */ = {isa = PBXBuildFile; fileRef = 23582F5E2A71EA0200FDF7FE /* Home+View.swift */; };
		23582F632A72AA0B00FDF7FE /* Login.swift in Sources */ = {isa = PBXBuildFile; fileRef = 23582F622A72AA0B00FDF7FE /* Login.swift */; };
		23582F652A72AA1F00FDF7FE /* Login+Feature.swift in Sources */ = {isa = PBXBuildFile; fileRef = 23582F642A72AA1F00FDF7FE /* Login+Feature.swift */; };
		23582F672A72AA2A00FDF7FE /* Login+View.swift in Sources */ = {isa = PBXBuildFile; fileRef = 23582F662A72AA2A00FDF7FE /* Login+View.swift */; };
		235991822A715C1200C2677A /* README.md in Resources */ = {isa = PBXBuildFile; fileRef = 235991812A715C1200C2677A /* README.md */; };
		235991852A715EFE00C2677A /* Onboarding.swift in Sources */ = {isa = PBXBuildFile; fileRef = 235991742A714D8F00C2677A /* Onboarding.swift */; };
		235991862A715F0200C2677A /* Onboarding+Feature.swift in Sources */ = {isa = PBXBuildFile; fileRef = 235991722A714D8E00C2677A /* Onboarding+Feature.swift */; };
		235991872A715F0400C2677A /* Onboarding+View.swift in Sources */ = {isa = PBXBuildFile; fileRef = 235991732A714D8E00C2677A /* Onboarding+View.swift */; };
		235C8FD22A4B10930018CA55 /* View+Extensions.swift in Sources */ = {isa = PBXBuildFile; fileRef = 235C8FD12A4B10930018CA55 /* View+Extensions.swift */; };
		236602522A94146400E9CA6A /* Progress+View.swift in Sources */ = {isa = PBXBuildFile; fileRef = 236602512A94146400E9CA6A /* Progress+View.swift */; };
		236602542A94146B00E9CA6A /* Progress+Feature.swift in Sources */ = {isa = PBXBuildFile; fileRef = 236602532A94146B00E9CA6A /* Progress+Feature.swift */; };
		236602562A94147500E9CA6A /* Progress.swift in Sources */ = {isa = PBXBuildFile; fileRef = 236602552A94147500E9CA6A /* Progress.swift */; };
		236B94642A5244E500941F6B /* GoogleService-Info.plist in Resources */ = {isa = PBXBuildFile; fileRef = 236B94632A5244E500941F6B /* GoogleService-Info.plist */; };
		236B94652A5244E500941F6B /* GoogleService-Info.plist in Resources */ = {isa = PBXBuildFile; fileRef = 236B94632A5244E500941F6B /* GoogleService-Info.plist */; };
		236B94662A5244E500941F6B /* GoogleService-Info.plist in Resources */ = {isa = PBXBuildFile; fileRef = 236B94632A5244E500941F6B /* GoogleService-Info.plist */; };
		236B94692A52459100941F6B /* FirebaseAnalytics in Frameworks */ = {isa = PBXBuildFile; productRef = 236B94682A52459100941F6B /* FirebaseAnalytics */; };
		236B946B2A52459100941F6B /* FirebaseAnalyticsSwift in Frameworks */ = {isa = PBXBuildFile; productRef = 236B946A2A52459100941F6B /* FirebaseAnalyticsSwift */; };
		236B94712A52459100941F6B /* FirebaseCrashlytics in Frameworks */ = {isa = PBXBuildFile; productRef = 236B94702A52459100941F6B /* FirebaseCrashlytics */; };
		236B94732A52459100941F6B /* FirebaseRemoteConfig in Frameworks */ = {isa = PBXBuildFile; productRef = 236B94722A52459100941F6B /* FirebaseRemoteConfig */; };
		236B94752A52459100941F6B /* FirebaseRemoteConfigSwift in Frameworks */ = {isa = PBXBuildFile; productRef = 236B94742A52459100941F6B /* FirebaseRemoteConfigSwift */; };
		236B94782A52539200941F6B /* GoogleSignIn in Frameworks */ = {isa = PBXBuildFile; productRef = 236B94772A52539200941F6B /* GoogleSignIn */; };
		236B947A2A52539200941F6B /* GoogleSignInSwift in Frameworks */ = {isa = PBXBuildFile; productRef = 236B94792A52539200941F6B /* GoogleSignInSwift */; };
		236C12782A90F7C3002F8A66 /* TaskCreate.swift in Sources */ = {isa = PBXBuildFile; fileRef = 236C12772A90F7C3002F8A66 /* TaskCreate.swift */; };
		236C127B2A90F7D8002F8A66 /* TaskCreate+Feature.swift in Sources */ = {isa = PBXBuildFile; fileRef = 236C127A2A90F7D8002F8A66 /* TaskCreate+Feature.swift */; };
		236C127D2A90F7E1002F8A66 /* TaskCreate+View.swift in Sources */ = {isa = PBXBuildFile; fileRef = 236C127C2A90F7E1002F8A66 /* TaskCreate+View.swift */; };
		236C12812A917577002F8A66 /* HeaderToday.swift in Sources */ = {isa = PBXBuildFile; fileRef = 236C12802A917577002F8A66 /* HeaderToday.swift */; };
		236C12832A917591002F8A66 /* HeaderToday+Feature.swift in Sources */ = {isa = PBXBuildFile; fileRef = 236C12822A917591002F8A66 /* HeaderToday+Feature.swift */; };
		236C12852A9175A9002F8A66 /* HeaderToday+View.swift in Sources */ = {isa = PBXBuildFile; fileRef = 236C12842A9175A9002F8A66 /* HeaderToday+View.swift */; };
		236C12882A91BB8C002F8A66 /* TaskItem.swift in Sources */ = {isa = PBXBuildFile; fileRef = 236C12872A91BB8C002F8A66 /* TaskItem.swift */; };
		236C128A2A91BB9C002F8A66 /* TaskItem+Feature.swift in Sources */ = {isa = PBXBuildFile; fileRef = 236C12892A91BB9C002F8A66 /* TaskItem+Feature.swift */; };
		236C128C2A91BBA8002F8A66 /* TaskItem+View.swift in Sources */ = {isa = PBXBuildFile; fileRef = 236C128B2A91BBA8002F8A66 /* TaskItem+View.swift */; };
		236C128E2A91BBB9002F8A66 /* Note.swift in Sources */ = {isa = PBXBuildFile; fileRef = 236C128D2A91BBB9002F8A66 /* Note.swift */; };
		236C12902A91BBC6002F8A66 /* Note+Feature.swift in Sources */ = {isa = PBXBuildFile; fileRef = 236C128F2A91BBC6002F8A66 /* Note+Feature.swift */; };
		236C12922A91BBCD002F8A66 /* Note+View.swift in Sources */ = {isa = PBXBuildFile; fileRef = 236C12912A91BBCD002F8A66 /* Note+View.swift */; };
		236C12942A923AF3002F8A66 /* Task+Model.swift in Sources */ = {isa = PBXBuildFile; fileRef = 236C12932A923AF3002F8A66 /* Task+Model.swift */; };
		236C12962A939116002F8A66 /* Home+Destination.swift in Sources */ = {isa = PBXBuildFile; fileRef = 236C12952A939116002F8A66 /* Home+Destination.swift */; };
		236C129A2A940531002F8A66 /* RefreshableScrollView.swift in Sources */ = {isa = PBXBuildFile; fileRef = 236C12992A940531002F8A66 /* RefreshableScrollView.swift */; };
		236DDDCD2A452C0B00B0EE49 /* String+Extension.swift in Sources */ = {isa = PBXBuildFile; fileRef = 236DDDCC2A452C0B00B0EE49 /* String+Extension.swift */; };
		236F8C032AA69AF2006CC1BA /* Schedule.swift in Sources */ = {isa = PBXBuildFile; fileRef = 236F8C022AA69AF2006CC1BA /* Schedule.swift */; };
		236F8C052AA69AFB006CC1BA /* Schedule+Feature.swift in Sources */ = {isa = PBXBuildFile; fileRef = 236F8C042AA69AFB006CC1BA /* Schedule+Feature.swift */; };
		236F8C072AA69B02006CC1BA /* Schedule+View.swift in Sources */ = {isa = PBXBuildFile; fileRef = 236F8C062AA69B02006CC1BA /* Schedule+View.swift */; };
		237265302A3BC8EF004F4B3D /* Assets.xcassets in Resources */ = {isa = PBXBuildFile; fileRef = 2372652F2A3BC8EF004F4B3D /* Assets.xcassets */; };
		237265332A3BC8EF004F4B3D /* Preview Assets.xcassets in Resources */ = {isa = PBXBuildFile; fileRef = 237265322A3BC8EF004F4B3D /* Preview Assets.xcassets */; };
		2372653D2A3BC8EF004F4B3D /* miami_assistenceTests.swift in Sources */ = {isa = PBXBuildFile; fileRef = 2372653C2A3BC8EF004F4B3D /* miami_assistenceTests.swift */; };
		237265472A3BC8EF004F4B3D /* miami_assistenceUITests.swift in Sources */ = {isa = PBXBuildFile; fileRef = 237265462A3BC8EF004F4B3D /* miami_assistenceUITests.swift */; };
		237265492A3BC8EF004F4B3D /* miami_assistenceUITestsLaunchTests.swift in Sources */ = {isa = PBXBuildFile; fileRef = 237265482A3BC8EF004F4B3D /* miami_assistenceUITestsLaunchTests.swift */; };
		237265592A3BCA02004F4B3D /* ComposableArchitecture in Frameworks */ = {isa = PBXBuildFile; productRef = 237265582A3BCA02004F4B3D /* ComposableArchitecture */; };
		2376934B2A73F7AC0068E5BD /* Analitycs.swift in Sources */ = {isa = PBXBuildFile; fileRef = 2376934A2A73F7AC0068E5BD /* Analitycs.swift */; };
		237AE77B2A45271B005149F0 /* Localizable.xcstrings in Resources */ = {isa = PBXBuildFile; fileRef = 237AE77A2A45271B005149F0 /* Localizable.xcstrings */; };
		237B608A2A4884D30058B18E /* NotificationService.swift in Sources */ = {isa = PBXBuildFile; fileRef = 237B60892A4884D30058B18E /* NotificationService.swift */; };
		237B608E2A4884D30058B18E /* OneSignalNotificationServiceExtension.appex in Embed Foundation Extensions */ = {isa = PBXBuildFile; fileRef = 237B60872A4884D30058B18E /* OneSignalNotificationServiceExtension.appex */; settings = {ATTRIBUTES = (RemoveHeadersOnCopy, ); }; };
		237B60952A4886860058B18E /* OneSignal in Frameworks */ = {isa = PBXBuildFile; productRef = 237B60942A4886860058B18E /* OneSignal */; };
		237B60982A4886BF0058B18E /* OneSignalExtension in Frameworks */ = {isa = PBXBuildFile; productRef = 237B60972A4886BF0058B18E /* OneSignalExtension */; };
		237B609D2A488C900058B18E /* StoreKit.framework in Frameworks */ = {isa = PBXBuildFile; fileRef = 237B609C2A488C8F0058B18E /* StoreKit.framework */; };
		237B60BF2A48B3D00058B18E /* WidgetKit.framework in Frameworks */ = {isa = PBXBuildFile; fileRef = 237B60A32A48B0D70058B18E /* WidgetKit.framework */; };
		237B60C02A48B3D00058B18E /* SwiftUI.framework in Frameworks */ = {isa = PBXBuildFile; fileRef = 237B60A52A48B0D70058B18E /* SwiftUI.framework */; };
		237B60C32A48B3D00058B18E /* MiamiAssistenceWidgetBundle.swift in Sources */ = {isa = PBXBuildFile; fileRef = 237B60C22A48B3D00058B18E /* MiamiAssistenceWidgetBundle.swift */; };
		237B60C52A48B3D00058B18E /* MiamiAssistenceWidget.swift in Sources */ = {isa = PBXBuildFile; fileRef = 237B60C42A48B3D00058B18E /* MiamiAssistenceWidget.swift */; };
		237B60C72A48B3D10058B18E /* Assets.xcassets in Resources */ = {isa = PBXBuildFile; fileRef = 237B60C62A48B3D10058B18E /* Assets.xcassets */; };
		237B60CB2A48B3D10058B18E /* MiamiAssistenceWidgetExtension.appex in Embed Foundation Extensions */ = {isa = PBXBuildFile; fileRef = 237B60BE2A48B3D00058B18E /* MiamiAssistenceWidgetExtension.appex */; settings = {ATTRIBUTES = (RemoveHeadersOnCopy, ); }; };
		237C3DEE2A52E6E1001F4616 /* FirebaseAuth in Frameworks */ = {isa = PBXBuildFile; productRef = 237C3DED2A52E6E1001F4616 /* FirebaseAuth */; settings = {ATTRIBUTES = (Required, ); }; };
		237C3DF02A52E6E1001F4616 /* FirebaseAuthCombine-Community in Frameworks */ = {isa = PBXBuildFile; productRef = 237C3DEF2A52E6E1001F4616 /* FirebaseAuthCombine-Community */; };
		23978B7C2A55DBA4002ECB4A /* Date+Extension.swift in Sources */ = {isa = PBXBuildFile; fileRef = 23978B7B2A55DBA4002ECB4A /* Date+Extension.swift */; };
		23AC6D732AA51D1E0000D04B /* TaskEmpty+Feature.swift in Sources */ = {isa = PBXBuildFile; fileRef = 23AC6D722AA51D1E0000D04B /* TaskEmpty+Feature.swift */; };
		23AC6D752AA51D2D0000D04B /* TaskEmpty+View.swift in Sources */ = {isa = PBXBuildFile; fileRef = 23AC6D742AA51D2D0000D04B /* TaskEmpty+View.swift */; };
		23C2A0E62A97CBF70073E5FC /* ImpactFeedbackGenerator+Extensions.swift in Sources */ = {isa = PBXBuildFile; fileRef = 23C2A0E52A97CBF70073E5FC /* ImpactFeedbackGenerator+Extensions.swift */; };
		23E2D1952A71BEDB00180C1C /* CreateCompany.swift in Sources */ = {isa = PBXBuildFile; fileRef = 23E2D1942A71BEDB00180C1C /* CreateCompany.swift */; };
		23E2D1972A71BEFD00180C1C /* CreateCompany+Feature.swift in Sources */ = {isa = PBXBuildFile; fileRef = 23E2D1962A71BEFD00180C1C /* CreateCompany+Feature.swift */; };
		23E2D1992A71C0AF00180C1C /* CreateCompany+View.swift in Sources */ = {isa = PBXBuildFile; fileRef = 23E2D1982A71C0AF00180C1C /* CreateCompany+View.swift */; };
		23E2D19D2A71CBDE00180C1C /* CreateTypeCompany.swift in Sources */ = {isa = PBXBuildFile; fileRef = 23E2D19C2A71CBDE00180C1C /* CreateTypeCompany.swift */; };
		23E2D19F2A71CC6300180C1C /* CreateTypeCompany+Feature.swift in Sources */ = {isa = PBXBuildFile; fileRef = 23E2D19E2A71CC6300180C1C /* CreateTypeCompany+Feature.swift */; };
		23E2D1A12A71CD1B00180C1C /* CreateTypeCompany+View.swift in Sources */ = {isa = PBXBuildFile; fileRef = 23E2D1A02A71CD1B00180C1C /* CreateTypeCompany+View.swift */; };
		23E6F8392A98153F00301968 /* TaskEmpty.swift in Sources */ = {isa = PBXBuildFile; fileRef = 23E6F8382A98153F00301968 /* TaskEmpty.swift */; };
/* End PBXBuildFile section */

/* Begin PBXContainerItemProxy section */
		237265392A3BC8EF004F4B3D /* PBXContainerItemProxy */ = {
			isa = PBXContainerItemProxy;
			containerPortal = 237265202A3BC8EE004F4B3D /* Project object */;
			proxyType = 1;
			remoteGlobalIDString = 237265272A3BC8EE004F4B3D;
			remoteInfo = "miami assistence";
		};
		237265432A3BC8EF004F4B3D /* PBXContainerItemProxy */ = {
			isa = PBXContainerItemProxy;
			containerPortal = 237265202A3BC8EE004F4B3D /* Project object */;
			proxyType = 1;
			remoteGlobalIDString = 237265272A3BC8EE004F4B3D;
			remoteInfo = "miami assistence";
		};
		237B608C2A4884D30058B18E /* PBXContainerItemProxy */ = {
			isa = PBXContainerItemProxy;
			containerPortal = 237265202A3BC8EE004F4B3D /* Project object */;
			proxyType = 1;
			remoteGlobalIDString = 237B60862A4884D30058B18E;
			remoteInfo = OneSignalNotificationServiceExtension;
		};
		237B60C92A48B3D10058B18E /* PBXContainerItemProxy */ = {
			isa = PBXContainerItemProxy;
			containerPortal = 237265202A3BC8EE004F4B3D /* Project object */;
			proxyType = 1;
			remoteGlobalIDString = 237B60BD2A48B3D00058B18E;
			remoteInfo = MiamiAssistenceWidgetExtension;
		};
/* End PBXContainerItemProxy section */

/* Begin PBXCopyFilesBuildPhase section */
		237B608F2A4884D40058B18E /* Embed Foundation Extensions */ = {
			isa = PBXCopyFilesBuildPhase;
			buildActionMask = 12;
			dstPath = "";
			dstSubfolderSpec = 13;
			files = (
				237B60CB2A48B3D10058B18E /* MiamiAssistenceWidgetExtension.appex in Embed Foundation Extensions */,
				237B608E2A4884D30058B18E /* OneSignalNotificationServiceExtension.appex in Embed Foundation Extensions */,
			);
			name = "Embed Foundation Extensions";
			runOnlyForDeploymentPostprocessing = 0;
		};
/* End PBXCopyFilesBuildPhase section */

/* Begin PBXFileReference section */
		2305A50E2AA2B039008F9920 /* SwipeAction.swift */ = {isa = PBXFileReference; lastKnownFileType = sourcecode.swift; path = SwipeAction.swift; sourceTree = "<group>"; };
		2305A5102AA2B09D008F9920 /* SwipeAction+Button.swift */ = {isa = PBXFileReference; lastKnownFileType = sourcecode.swift; path = "SwipeAction+Button.swift"; sourceTree = "<group>"; };
		2305A5122AA2B0A6008F9920 /* SwipeAction+View.swift */ = {isa = PBXFileReference; lastKnownFileType = sourcecode.swift; path = "SwipeAction+View.swift"; sourceTree = "<group>"; };
		2305BCED2A49ADF8009C7DAD /* Launch Screen.storyboard */ = {isa = PBXFileReference; lastKnownFileType = file.storyboard; path = "Launch Screen.storyboard"; sourceTree = "<group>"; };
		2306FD922A8FCB5D002F323D /* Button+Design.swift */ = {isa = PBXFileReference; lastKnownFileType = sourcecode.swift; path = "Button+Design.swift"; sourceTree = "<group>"; };
		2306FD962A8FCFEB002F323D /* Task.swift */ = {isa = PBXFileReference; lastKnownFileType = sourcecode.swift; path = Task.swift; sourceTree = "<group>"; };
		2306FD982A8FCFF4002F323D /* Task+Feature.swift */ = {isa = PBXFileReference; lastKnownFileType = sourcecode.swift; path = "Task+Feature.swift"; sourceTree = "<group>"; };
		2306FD9A2A8FCFFB002F323D /* Task+View.swift */ = {isa = PBXFileReference; lastKnownFileType = sourcecode.swift; path = "Task+View.swift"; sourceTree = "<group>"; };
		2306FD9E2A8FD346002F323D /* BottomSheet.swift */ = {isa = PBXFileReference; lastKnownFileType = sourcecode.swift; path = BottomSheet.swift; sourceTree = "<group>"; };
		2306FDA02A8FD350002F323D /* Header.swift */ = {isa = PBXFileReference; lastKnownFileType = sourcecode.swift; path = Header.swift; sourceTree = "<group>"; };
		2306FDA22A8FD5DC002F323D /* Header+Feature.swift */ = {isa = PBXFileReference; lastKnownFileType = sourcecode.swift; path = "Header+Feature.swift"; sourceTree = "<group>"; };
		2306FDA42A8FD5E6002F323D /* Header+View.swift */ = {isa = PBXFileReference; lastKnownFileType = sourcecode.swift; path = "Header+View.swift"; sourceTree = "<group>"; };
		2306FDA62A8FD5F4002F323D /* BottomSheet+Feature.swift */ = {isa = PBXFileReference; lastKnownFileType = sourcecode.swift; path = "BottomSheet+Feature.swift"; sourceTree = "<group>"; };
		2306FDA82A8FD5FC002F323D /* BottomSheet+View.swift */ = {isa = PBXFileReference; lastKnownFileType = sourcecode.swift; path = "BottomSheet+View.swift"; sourceTree = "<group>"; };
		231E6C972A8F1910009569C1 /* ButtonStyle+Extensions.swift */ = {isa = PBXFileReference; lastKnownFileType = sourcecode.swift; path = "ButtonStyle+Extensions.swift"; sourceTree = "<group>"; };
		231E6C9A2A8F1942009569C1 /* PressBorderedButtonStyle.swift */ = {isa = PBXFileReference; lastKnownFileType = sourcecode.swift; path = PressBorderedButtonStyle.swift; sourceTree = "<group>"; };
		231E6C9C2A8F1964009569C1 /* ScaleButtonStyle.swift */ = {isa = PBXFileReference; lastKnownFileType = sourcecode.swift; path = ScaleButtonStyle.swift; sourceTree = "<group>"; };
		231FF94D2A59FE8F0071CF74 /* Color+Extensions.swift */ = {isa = PBXFileReference; lastKnownFileType = sourcecode.swift; path = "Color+Extensions.swift"; sourceTree = "<group>"; };
		23429E9B2A9915BA00104F02 /* CheckboxToggleStyle.swift */ = {isa = PBXFileReference; lastKnownFileType = sourcecode.swift; path = CheckboxToggleStyle.swift; sourceTree = "<group>"; };
		234749452A953CF400B19513 /* ScrollViewDetector.swift */ = {isa = PBXFileReference; lastKnownFileType = sourcecode.swift; path = ScrollViewDetector.swift; sourceTree = "<group>"; };
		2354BE072A73ECE4003E4CA9 /* AppDelegate.swift */ = {isa = PBXFileReference; fileEncoding = 4; lastKnownFileType = sourcecode.swift; path = AppDelegate.swift; sourceTree = "<group>"; };
		2354BE082A73ECE4003E4CA9 /* App.swift */ = {isa = PBXFileReference; fileEncoding = 4; lastKnownFileType = sourcecode.swift; path = App.swift; sourceTree = "<group>"; };
		23582F522A71E50600FDF7FE /* Root.swift */ = {isa = PBXFileReference; lastKnownFileType = sourcecode.swift; path = Root.swift; sourceTree = "<group>"; };
		23582F562A71E53300FDF7FE /* Root+View.swift */ = {isa = PBXFileReference; lastKnownFileType = sourcecode.swift; path = "Root+View.swift"; sourceTree = "<group>"; };
		23582F582A71E53E00FDF7FE /* Root+Feature.swift */ = {isa = PBXFileReference; lastKnownFileType = sourcecode.swift; path = "Root+Feature.swift"; sourceTree = "<group>"; };
		23582F5A2A71E9E600FDF7FE /* Home.swift */ = {isa = PBXFileReference; lastKnownFileType = sourcecode.swift; path = Home.swift; sourceTree = "<group>"; };
		23582F5C2A71E9F900FDF7FE /* Home+Feature.swift */ = {isa = PBXFileReference; lastKnownFileType = sourcecode.swift; path = "Home+Feature.swift"; sourceTree = "<group>"; };
		23582F5E2A71EA0200FDF7FE /* Home+View.swift */ = {isa = PBXFileReference; lastKnownFileType = sourcecode.swift; path = "Home+View.swift"; sourceTree = "<group>"; };
		23582F622A72AA0B00FDF7FE /* Login.swift */ = {isa = PBXFileReference; lastKnownFileType = sourcecode.swift; path = Login.swift; sourceTree = "<group>"; };
		23582F642A72AA1F00FDF7FE /* Login+Feature.swift */ = {isa = PBXFileReference; lastKnownFileType = sourcecode.swift; path = "Login+Feature.swift"; sourceTree = "<group>"; };
		23582F662A72AA2A00FDF7FE /* Login+View.swift */ = {isa = PBXFileReference; lastKnownFileType = sourcecode.swift; path = "Login+View.swift"; sourceTree = "<group>"; };
		235991722A714D8E00C2677A /* Onboarding+Feature.swift */ = {isa = PBXFileReference; lastKnownFileType = sourcecode.swift; path = "Onboarding+Feature.swift"; sourceTree = "<group>"; };
		235991732A714D8E00C2677A /* Onboarding+View.swift */ = {isa = PBXFileReference; lastKnownFileType = sourcecode.swift; path = "Onboarding+View.swift"; sourceTree = "<group>"; };
		235991742A714D8F00C2677A /* Onboarding.swift */ = {isa = PBXFileReference; lastKnownFileType = sourcecode.swift; path = Onboarding.swift; sourceTree = "<group>"; };
		235991812A715C1200C2677A /* README.md */ = {isa = PBXFileReference; fileEncoding = 4; lastKnownFileType = net.daringfireball.markdown; path = README.md; sourceTree = "<group>"; };
		235C8FD12A4B10930018CA55 /* View+Extensions.swift */ = {isa = PBXFileReference; lastKnownFileType = sourcecode.swift; path = "View+Extensions.swift"; sourceTree = "<group>"; };
		236602512A94146400E9CA6A /* Progress+View.swift */ = {isa = PBXFileReference; lastKnownFileType = sourcecode.swift; path = "Progress+View.swift"; sourceTree = "<group>"; };
		236602532A94146B00E9CA6A /* Progress+Feature.swift */ = {isa = PBXFileReference; lastKnownFileType = sourcecode.swift; path = "Progress+Feature.swift"; sourceTree = "<group>"; };
		236602552A94147500E9CA6A /* Progress.swift */ = {isa = PBXFileReference; lastKnownFileType = sourcecode.swift; path = Progress.swift; sourceTree = "<group>"; };
		236B94632A5244E500941F6B /* GoogleService-Info.plist */ = {isa = PBXFileReference; fileEncoding = 4; lastKnownFileType = text.plist.xml; path = "GoogleService-Info.plist"; sourceTree = "<group>"; };
		236C12772A90F7C3002F8A66 /* TaskCreate.swift */ = {isa = PBXFileReference; lastKnownFileType = sourcecode.swift; path = TaskCreate.swift; sourceTree = "<group>"; };
		236C127A2A90F7D8002F8A66 /* TaskCreate+Feature.swift */ = {isa = PBXFileReference; lastKnownFileType = sourcecode.swift; path = "TaskCreate+Feature.swift"; sourceTree = "<group>"; };
		236C127C2A90F7E1002F8A66 /* TaskCreate+View.swift */ = {isa = PBXFileReference; lastKnownFileType = sourcecode.swift; path = "TaskCreate+View.swift"; sourceTree = "<group>"; };
		236C12802A917577002F8A66 /* HeaderToday.swift */ = {isa = PBXFileReference; lastKnownFileType = sourcecode.swift; path = HeaderToday.swift; sourceTree = "<group>"; };
		236C12822A917591002F8A66 /* HeaderToday+Feature.swift */ = {isa = PBXFileReference; lastKnownFileType = sourcecode.swift; path = "HeaderToday+Feature.swift"; sourceTree = "<group>"; };
		236C12842A9175A9002F8A66 /* HeaderToday+View.swift */ = {isa = PBXFileReference; lastKnownFileType = sourcecode.swift; path = "HeaderToday+View.swift"; sourceTree = "<group>"; };
		236C12872A91BB8C002F8A66 /* TaskItem.swift */ = {isa = PBXFileReference; lastKnownFileType = sourcecode.swift; path = TaskItem.swift; sourceTree = "<group>"; };
		236C12892A91BB9C002F8A66 /* TaskItem+Feature.swift */ = {isa = PBXFileReference; lastKnownFileType = sourcecode.swift; path = "TaskItem+Feature.swift"; sourceTree = "<group>"; };
		236C128B2A91BBA8002F8A66 /* TaskItem+View.swift */ = {isa = PBXFileReference; lastKnownFileType = sourcecode.swift; path = "TaskItem+View.swift"; sourceTree = "<group>"; };
		236C128D2A91BBB9002F8A66 /* Note.swift */ = {isa = PBXFileReference; lastKnownFileType = sourcecode.swift; path = Note.swift; sourceTree = "<group>"; };
		236C128F2A91BBC6002F8A66 /* Note+Feature.swift */ = {isa = PBXFileReference; lastKnownFileType = sourcecode.swift; path = "Note+Feature.swift"; sourceTree = "<group>"; };
		236C12912A91BBCD002F8A66 /* Note+View.swift */ = {isa = PBXFileReference; lastKnownFileType = sourcecode.swift; path = "Note+View.swift"; sourceTree = "<group>"; };
		236C12932A923AF3002F8A66 /* Task+Model.swift */ = {isa = PBXFileReference; lastKnownFileType = sourcecode.swift; path = "Task+Model.swift"; sourceTree = "<group>"; };
		236C12952A939116002F8A66 /* Home+Destination.swift */ = {isa = PBXFileReference; lastKnownFileType = sourcecode.swift; path = "Home+Destination.swift"; sourceTree = "<group>"; };
		236C12992A940531002F8A66 /* RefreshableScrollView.swift */ = {isa = PBXFileReference; lastKnownFileType = sourcecode.swift; path = RefreshableScrollView.swift; sourceTree = "<group>"; };
		236DDDCC2A452C0B00B0EE49 /* String+Extension.swift */ = {isa = PBXFileReference; lastKnownFileType = sourcecode.swift; path = "String+Extension.swift"; sourceTree = "<group>"; };
		236F8C022AA69AF2006CC1BA /* Schedule.swift */ = {isa = PBXFileReference; lastKnownFileType = sourcecode.swift; path = Schedule.swift; sourceTree = "<group>"; };
		236F8C042AA69AFB006CC1BA /* Schedule+Feature.swift */ = {isa = PBXFileReference; lastKnownFileType = sourcecode.swift; path = "Schedule+Feature.swift"; sourceTree = "<group>"; };
		236F8C062AA69B02006CC1BA /* Schedule+View.swift */ = {isa = PBXFileReference; lastKnownFileType = sourcecode.swift; path = "Schedule+View.swift"; sourceTree = "<group>"; };
		237265282A3BC8EE004F4B3D /* miami assistence.app */ = {isa = PBXFileReference; explicitFileType = wrapper.application; includeInIndex = 0; path = "miami assistence.app"; sourceTree = BUILT_PRODUCTS_DIR; };
		2372652F2A3BC8EF004F4B3D /* Assets.xcassets */ = {isa = PBXFileReference; lastKnownFileType = folder.assetcatalog; path = Assets.xcassets; sourceTree = "<group>"; };
		237265322A3BC8EF004F4B3D /* Preview Assets.xcassets */ = {isa = PBXFileReference; lastKnownFileType = folder.assetcatalog; path = "Preview Assets.xcassets"; sourceTree = "<group>"; };
		237265382A3BC8EF004F4B3D /* miami assistenceTests.xctest */ = {isa = PBXFileReference; explicitFileType = wrapper.cfbundle; includeInIndex = 0; path = "miami assistenceTests.xctest"; sourceTree = BUILT_PRODUCTS_DIR; };
		2372653C2A3BC8EF004F4B3D /* miami_assistenceTests.swift */ = {isa = PBXFileReference; lastKnownFileType = sourcecode.swift; path = miami_assistenceTests.swift; sourceTree = "<group>"; };
		237265422A3BC8EF004F4B3D /* miami assistenceUITests.xctest */ = {isa = PBXFileReference; explicitFileType = wrapper.cfbundle; includeInIndex = 0; path = "miami assistenceUITests.xctest"; sourceTree = BUILT_PRODUCTS_DIR; };
		237265462A3BC8EF004F4B3D /* miami_assistenceUITests.swift */ = {isa = PBXFileReference; lastKnownFileType = sourcecode.swift; path = miami_assistenceUITests.swift; sourceTree = "<group>"; };
		237265482A3BC8EF004F4B3D /* miami_assistenceUITestsLaunchTests.swift */ = {isa = PBXFileReference; lastKnownFileType = sourcecode.swift; path = miami_assistenceUITestsLaunchTests.swift; sourceTree = "<group>"; };
		2376934A2A73F7AC0068E5BD /* Analitycs.swift */ = {isa = PBXFileReference; lastKnownFileType = sourcecode.swift; path = Analitycs.swift; sourceTree = "<group>"; };
		237AE77A2A45271B005149F0 /* Localizable.xcstrings */ = {isa = PBXFileReference; lastKnownFileType = text.json.xcstrings; path = Localizable.xcstrings; sourceTree = "<group>"; };
		237B60872A4884D30058B18E /* OneSignalNotificationServiceExtension.appex */ = {isa = PBXFileReference; explicitFileType = "wrapper.app-extension"; includeInIndex = 0; path = OneSignalNotificationServiceExtension.appex; sourceTree = BUILT_PRODUCTS_DIR; };
		237B60892A4884D30058B18E /* NotificationService.swift */ = {isa = PBXFileReference; lastKnownFileType = sourcecode.swift; path = NotificationService.swift; sourceTree = "<group>"; };
		237B608B2A4884D30058B18E /* Info.plist */ = {isa = PBXFileReference; lastKnownFileType = text.plist.xml; path = Info.plist; sourceTree = "<group>"; };
		237B60992A48878B0058B18E /* miami assistence.entitlements */ = {isa = PBXFileReference; lastKnownFileType = text.plist.entitlements; path = "miami assistence.entitlements"; sourceTree = "<group>"; };
		237B609A2A4887A20058B18E /* miami-assistence-info.plist */ = {isa = PBXFileReference; lastKnownFileType = text.plist.xml; path = "miami-assistence-info.plist"; sourceTree = SOURCE_ROOT; };
		237B609B2A4888CF0058B18E /* OneSignalNotificationServiceExtension.entitlements */ = {isa = PBXFileReference; lastKnownFileType = text.plist.entitlements; path = OneSignalNotificationServiceExtension.entitlements; sourceTree = "<group>"; };
		237B609C2A488C8F0058B18E /* StoreKit.framework */ = {isa = PBXFileReference; lastKnownFileType = wrapper.framework; name = StoreKit.framework; path = System/Library/Frameworks/StoreKit.framework; sourceTree = SDKROOT; };
		237B60A32A48B0D70058B18E /* WidgetKit.framework */ = {isa = PBXFileReference; lastKnownFileType = wrapper.framework; name = WidgetKit.framework; path = System/Library/Frameworks/WidgetKit.framework; sourceTree = SDKROOT; };
		237B60A52A48B0D70058B18E /* SwiftUI.framework */ = {isa = PBXFileReference; lastKnownFileType = wrapper.framework; name = SwiftUI.framework; path = System/Library/Frameworks/SwiftUI.framework; sourceTree = SDKROOT; };
		237B60B92A48B0E00058B18E /* WidgetExtension.entitlements */ = {isa = PBXFileReference; lastKnownFileType = text.plist.entitlements; path = WidgetExtension.entitlements; sourceTree = "<group>"; };
		237B60BE2A48B3D00058B18E /* MiamiAssistenceWidgetExtension.appex */ = {isa = PBXFileReference; explicitFileType = "wrapper.app-extension"; includeInIndex = 0; path = MiamiAssistenceWidgetExtension.appex; sourceTree = BUILT_PRODUCTS_DIR; };
		237B60C22A48B3D00058B18E /* MiamiAssistenceWidgetBundle.swift */ = {isa = PBXFileReference; lastKnownFileType = sourcecode.swift; path = MiamiAssistenceWidgetBundle.swift; sourceTree = "<group>"; };
		237B60C42A48B3D00058B18E /* MiamiAssistenceWidget.swift */ = {isa = PBXFileReference; lastKnownFileType = sourcecode.swift; path = MiamiAssistenceWidget.swift; sourceTree = "<group>"; };
		237B60C62A48B3D10058B18E /* Assets.xcassets */ = {isa = PBXFileReference; lastKnownFileType = folder.assetcatalog; path = Assets.xcassets; sourceTree = "<group>"; };
		237B60C82A48B3D10058B18E /* Info.plist */ = {isa = PBXFileReference; lastKnownFileType = text.plist.xml; path = Info.plist; sourceTree = "<group>"; };
		237B60CF2A48B4380058B18E /* MiamiAssistenceWidgetExtension.entitlements */ = {isa = PBXFileReference; lastKnownFileType = text.plist.entitlements; path = MiamiAssistenceWidgetExtension.entitlements; sourceTree = "<group>"; };
		23978B7B2A55DBA4002ECB4A /* Date+Extension.swift */ = {isa = PBXFileReference; lastKnownFileType = sourcecode.swift; path = "Date+Extension.swift"; sourceTree = "<group>"; };
		23AC6D722AA51D1E0000D04B /* TaskEmpty+Feature.swift */ = {isa = PBXFileReference; lastKnownFileType = sourcecode.swift; path = "TaskEmpty+Feature.swift"; sourceTree = "<group>"; };
		23AC6D742AA51D2D0000D04B /* TaskEmpty+View.swift */ = {isa = PBXFileReference; lastKnownFileType = sourcecode.swift; path = "TaskEmpty+View.swift"; sourceTree = "<group>"; };
		23C2A0E52A97CBF70073E5FC /* ImpactFeedbackGenerator+Extensions.swift */ = {isa = PBXFileReference; lastKnownFileType = sourcecode.swift; path = "ImpactFeedbackGenerator+Extensions.swift"; sourceTree = "<group>"; };
		23E2D1942A71BEDB00180C1C /* CreateCompany.swift */ = {isa = PBXFileReference; lastKnownFileType = sourcecode.swift; path = CreateCompany.swift; sourceTree = "<group>"; };
		23E2D1962A71BEFD00180C1C /* CreateCompany+Feature.swift */ = {isa = PBXFileReference; lastKnownFileType = sourcecode.swift; path = "CreateCompany+Feature.swift"; sourceTree = "<group>"; };
		23E2D1982A71C0AF00180C1C /* CreateCompany+View.swift */ = {isa = PBXFileReference; lastKnownFileType = sourcecode.swift; path = "CreateCompany+View.swift"; sourceTree = "<group>"; };
		23E2D19C2A71CBDE00180C1C /* CreateTypeCompany.swift */ = {isa = PBXFileReference; lastKnownFileType = sourcecode.swift; path = CreateTypeCompany.swift; sourceTree = "<group>"; };
		23E2D19E2A71CC6300180C1C /* CreateTypeCompany+Feature.swift */ = {isa = PBXFileReference; lastKnownFileType = sourcecode.swift; path = "CreateTypeCompany+Feature.swift"; sourceTree = "<group>"; };
		23E2D1A02A71CD1B00180C1C /* CreateTypeCompany+View.swift */ = {isa = PBXFileReference; lastKnownFileType = sourcecode.swift; path = "CreateTypeCompany+View.swift"; sourceTree = "<group>"; };
		23E6F8382A98153F00301968 /* TaskEmpty.swift */ = {isa = PBXFileReference; lastKnownFileType = sourcecode.swift; path = TaskEmpty.swift; sourceTree = "<group>"; };
/* End PBXFileReference section */

/* Begin PBXFrameworksBuildPhase section */
		237265252A3BC8EE004F4B3D /* Frameworks */ = {
			isa = PBXFrameworksBuildPhase;
			buildActionMask = 2147483647;
			files = (
				236B94732A52459100941F6B /* FirebaseRemoteConfig in Frameworks */,
				237B609D2A488C900058B18E /* StoreKit.framework in Frameworks */,
				236B94782A52539200941F6B /* GoogleSignIn in Frameworks */,
				236B947A2A52539200941F6B /* GoogleSignInSwift in Frameworks */,
				237C3DF02A52E6E1001F4616 /* FirebaseAuthCombine-Community in Frameworks */,
				237265592A3BCA02004F4B3D /* ComposableArchitecture in Frameworks */,
				236B94692A52459100941F6B /* FirebaseAnalytics in Frameworks */,
				237B60952A4886860058B18E /* OneSignal in Frameworks */,
				236B94712A52459100941F6B /* FirebaseCrashlytics in Frameworks */,
				237C3DEE2A52E6E1001F4616 /* FirebaseAuth in Frameworks */,
				236B94752A52459100941F6B /* FirebaseRemoteConfigSwift in Frameworks */,
				236B946B2A52459100941F6B /* FirebaseAnalyticsSwift in Frameworks */,
			);
			runOnlyForDeploymentPostprocessing = 0;
		};
		237265352A3BC8EF004F4B3D /* Frameworks */ = {
			isa = PBXFrameworksBuildPhase;
			buildActionMask = 2147483647;
			files = (
			);
			runOnlyForDeploymentPostprocessing = 0;
		};
		2372653F2A3BC8EF004F4B3D /* Frameworks */ = {
			isa = PBXFrameworksBuildPhase;
			buildActionMask = 2147483647;
			files = (
			);
			runOnlyForDeploymentPostprocessing = 0;
		};
		237B60842A4884D30058B18E /* Frameworks */ = {
			isa = PBXFrameworksBuildPhase;
			buildActionMask = 2147483647;
			files = (
				237B60982A4886BF0058B18E /* OneSignalExtension in Frameworks */,
			);
			runOnlyForDeploymentPostprocessing = 0;
		};
		237B60BB2A48B3D00058B18E /* Frameworks */ = {
			isa = PBXFrameworksBuildPhase;
			buildActionMask = 2147483647;
			files = (
				237B60C02A48B3D00058B18E /* SwiftUI.framework in Frameworks */,
				237B60BF2A48B3D00058B18E /* WidgetKit.framework in Frameworks */,
			);
			runOnlyForDeploymentPostprocessing = 0;
		};
/* End PBXFrameworksBuildPhase section */

/* Begin PBXGroup section */
		2305A50D2AA2B013008F9920 /* SwipeAction */ = {
			isa = PBXGroup;
			children = (
				2305A50E2AA2B039008F9920 /* SwipeAction.swift */,
				2305A5102AA2B09D008F9920 /* SwipeAction+Button.swift */,
				2305A5122AA2B0A6008F9920 /* SwipeAction+View.swift */,
			);
			path = SwipeAction;
			sourceTree = "<group>";
		};
		2305BCE82A4926D3009C7DAD /* Design */ = {
			isa = PBXGroup;
			children = (
				23429E992A9915A400104F02 /* Components */,
				235C8FD02A4B10850018CA55 /* Extensions */,
				2305BCEC2A49ADC8009C7DAD /* LaunchScreen */,
				237AE7712A43A4D5005149F0 /* Assets */,
			);
			path = Design;
			sourceTree = "<group>";
		};
		2305BCEC2A49ADC8009C7DAD /* LaunchScreen */ = {
			isa = PBXGroup;
			children = (
				2305BCED2A49ADF8009C7DAD /* Launch Screen.storyboard */,
			);
			path = LaunchScreen;
			sourceTree = "<group>";
		};
		2306FD952A8FCF31002F323D /* Task */ = {
			isa = PBXGroup;
			children = (
				23E6F8372A98152600301968 /* Empty */,
				236C12862A91AA34002F8A66 /* Item */,
				236C12792A90F7C8002F8A66 /* Create */,
				2306FD962A8FCFEB002F323D /* Task.swift */,
				2306FD982A8FCFF4002F323D /* Task+Feature.swift */,
				2306FD9A2A8FCFFB002F323D /* Task+View.swift */,
				236C12932A923AF3002F8A66 /* Task+Model.swift */,
			);
			path = Task;
			sourceTree = "<group>";
		};
		2306FD9C2A8FD32F002F323D /* Header */ = {
			isa = PBXGroup;
			children = (
				236C127F2A9170F8002F8A66 /* Today */,
				2306FDA02A8FD350002F323D /* Header.swift */,
				2306FDA22A8FD5DC002F323D /* Header+Feature.swift */,
				2306FDA42A8FD5E6002F323D /* Header+View.swift */,
			);
			path = Header;
			sourceTree = "<group>";
		};
		2306FD9D2A8FD337002F323D /* Bottom Sheet */ = {
			isa = PBXGroup;
			children = (
				2306FD9E2A8FD346002F323D /* BottomSheet.swift */,
				2306FDA62A8FD5F4002F323D /* BottomSheet+Feature.swift */,
				2306FDA82A8FD5FC002F323D /* BottomSheet+View.swift */,
			);
			path = "Bottom Sheet";
			sourceTree = "<group>";
		};
		231E6C9E2A8F1975009569C1 /* Button */ = {
			isa = PBXGroup;
			children = (
				231E6CA02A8F198D009569C1 /* Components */,
				231E6C9F2A8F1982009569C1 /* Style */,
				2306FD922A8FCB5D002F323D /* Button+Design.swift */,
			);
			path = Button;
			sourceTree = "<group>";
		};
		231E6C9F2A8F1982009569C1 /* Style */ = {
			isa = PBXGroup;
			children = (
				231E6C9A2A8F1942009569C1 /* PressBorderedButtonStyle.swift */,
				231E6C9C2A8F1964009569C1 /* ScaleButtonStyle.swift */,
			);
			path = Style;
			sourceTree = "<group>";
		};
		231E6CA02A8F198D009569C1 /* Components */ = {
			isa = PBXGroup;
			children = (
			);
			path = Components;
			sourceTree = "<group>";
		};
		23429E992A9915A400104F02 /* Components */ = {
			isa = PBXGroup;
			children = (
				236C129B2A940788002F8A66 /* Progress */,
				2305A50D2AA2B013008F9920 /* SwipeAction */,
				23429E9A2A9915AD00104F02 /* Toggle */,
				236C12982A94050B002F8A66 /* ScrollView */,
				231E6C9E2A8F1975009569C1 /* Button */,
			);
			path = Components;
			sourceTree = "<group>";
		};
		23429E9A2A9915AD00104F02 /* Toggle */ = {
			isa = PBXGroup;
			children = (
				23429E9B2A9915BA00104F02 /* CheckboxToggleStyle.swift */,
			);
			path = Toggle;
			sourceTree = "<group>";
		};
		2354BE062A73ECDF003E4CA9 /* App */ = {
			isa = PBXGroup;
			children = (
				2354BE082A73ECE4003E4CA9 /* App.swift */,
				2354BE072A73ECE4003E4CA9 /* AppDelegate.swift */,
			);
			path = App;
			sourceTree = "<group>";
		};
		23582F512A71E46900FDF7FE /* Module */ = {
			isa = PBXGroup;
			children = (
				23978B782A55D694002ECB4A /* Root */,
				23582F522A71E50600FDF7FE /* Root.swift */,
				23582F562A71E53300FDF7FE /* Root+View.swift */,
				23582F582A71E53E00FDF7FE /* Root+Feature.swift */,
			);
			path = Module;
			sourceTree = "<group>";
		};
		235991782A714DCB00C2677A /* Onboarding */ = {
			isa = PBXGroup;
			children = (
				235991792A71504D00C2677A /* Login */,
				23E2D1932A71BEC000180C1C /* Create Type Company */,
				23E2D1922A71BEA600180C1C /* Create Company */,
				235991742A714D8F00C2677A /* Onboarding.swift */,
				235991732A714D8E00C2677A /* Onboarding+View.swift */,
				235991722A714D8E00C2677A /* Onboarding+Feature.swift */,
			);
			path = Onboarding;
			sourceTree = "<group>";
		};
		235991792A71504D00C2677A /* Login */ = {
			isa = PBXGroup;
			children = (
				23582F622A72AA0B00FDF7FE /* Login.swift */,
				23582F642A72AA1F00FDF7FE /* Login+Feature.swift */,
				23582F662A72AA2A00FDF7FE /* Login+View.swift */,
			);
			path = Login;
			sourceTree = "<group>";
		};
		2359917A2A7150B200C2677A /* Home */ = {
			isa = PBXGroup;
			children = (
				236C127E2A90F7ED002F8A66 /* Note */,
				236C12972A93ABFF002F8A66 /* Components */,
				23582F5A2A71E9E600FDF7FE /* Home.swift */,
				23582F5C2A71E9F900FDF7FE /* Home+Feature.swift */,
				23582F5E2A71EA0200FDF7FE /* Home+View.swift */,
				236C12952A939116002F8A66 /* Home+Destination.swift */,
			);
			path = Home;
			sourceTree = "<group>";
		};
		235C8FD02A4B10850018CA55 /* Extensions */ = {
			isa = PBXGroup;
			children = (
				235C8FD12A4B10930018CA55 /* View+Extensions.swift */,
				231FF94D2A59FE8F0071CF74 /* Color+Extensions.swift */,
				231E6C972A8F1910009569C1 /* ButtonStyle+Extensions.swift */,
				23C2A0E52A97CBF70073E5FC /* ImpactFeedbackGenerator+Extensions.swift */,
			);
			path = Extensions;
			sourceTree = "<group>";
		};
		236C12792A90F7C8002F8A66 /* Create */ = {
			isa = PBXGroup;
			children = (
				236C12772A90F7C3002F8A66 /* TaskCreate.swift */,
				236C127A2A90F7D8002F8A66 /* TaskCreate+Feature.swift */,
				236C127C2A90F7E1002F8A66 /* TaskCreate+View.swift */,
			);
			path = Create;
			sourceTree = "<group>";
		};
		236C127E2A90F7ED002F8A66 /* Note */ = {
			isa = PBXGroup;
			children = (
				236C128D2A91BBB9002F8A66 /* Note.swift */,
				236C128F2A91BBC6002F8A66 /* Note+Feature.swift */,
				236C12912A91BBCD002F8A66 /* Note+View.swift */,
			);
			path = Note;
			sourceTree = "<group>";
		};
		236C127F2A9170F8002F8A66 /* Today */ = {
			isa = PBXGroup;
			children = (
				236C12802A917577002F8A66 /* HeaderToday.swift */,
				236C12822A917591002F8A66 /* HeaderToday+Feature.swift */,
				236C12842A9175A9002F8A66 /* HeaderToday+View.swift */,
			);
			path = Today;
			sourceTree = "<group>";
		};
		236C12862A91AA34002F8A66 /* Item */ = {
			isa = PBXGroup;
			children = (
				236C12872A91BB8C002F8A66 /* TaskItem.swift */,
				236C12892A91BB9C002F8A66 /* TaskItem+Feature.swift */,
				236C128B2A91BBA8002F8A66 /* TaskItem+View.swift */,
			);
			path = Item;
			sourceTree = "<group>";
		};
		236C12972A93ABFF002F8A66 /* Components */ = {
			isa = PBXGroup;
			children = (
				236F8C012AA69AE5006CC1BA /* Schedule */,
				2306FD9D2A8FD337002F323D /* Bottom Sheet */,
				2306FD9C2A8FD32F002F323D /* Header */,
				2306FD952A8FCF31002F323D /* Task */,
			);
			path = Components;
			sourceTree = "<group>";
		};
		236C12982A94050B002F8A66 /* ScrollView */ = {
			isa = PBXGroup;
			children = (
				236C12992A940531002F8A66 /* RefreshableScrollView.swift */,
				234749452A953CF400B19513 /* ScrollViewDetector.swift */,
			);
			path = ScrollView;
			sourceTree = "<group>";
		};
		236C129B2A940788002F8A66 /* Progress */ = {
			isa = PBXGroup;
			children = (
				236602552A94147500E9CA6A /* Progress.swift */,
				236602532A94146B00E9CA6A /* Progress+Feature.swift */,
				236602512A94146400E9CA6A /* Progress+View.swift */,
			);
			path = Progress;
			sourceTree = "<group>";
		};
		236DDDCB2A452BF600B0EE49 /* Extensions */ = {
			isa = PBXGroup;
			children = (
				236DDDCC2A452C0B00B0EE49 /* String+Extension.swift */,
				23978B7B2A55DBA4002ECB4A /* Date+Extension.swift */,
			);
			path = Extensions;
			sourceTree = "<group>";
		};
		236F8C012AA69AE5006CC1BA /* Schedule */ = {
			isa = PBXGroup;
			children = (
				236F8C022AA69AF2006CC1BA /* Schedule.swift */,
				236F8C042AA69AFB006CC1BA /* Schedule+Feature.swift */,
				236F8C062AA69B02006CC1BA /* Schedule+View.swift */,
			);
			path = Schedule;
			sourceTree = "<group>";
		};
		2372651F2A3BC8EE004F4B3D = {
			isa = PBXGroup;
			children = (
				235991812A715C1200C2677A /* README.md */,
				237B60CF2A48B4380058B18E /* MiamiAssistenceWidgetExtension.entitlements */,
				237B60B92A48B0E00058B18E /* WidgetExtension.entitlements */,
				2372652A2A3BC8EE004F4B3D /* miami assistence */,
				2372653B2A3BC8EF004F4B3D /* miami assistenceTests */,
				237265452A3BC8EF004F4B3D /* miami assistenceUITests */,
				237B60882A4884D30058B18E /* OneSignalNotificationServiceExtension */,
				237B60C12A48B3D00058B18E /* MiamiAssistenceWidget */,
				237265292A3BC8EE004F4B3D /* Products */,
				237B60962A4886BF0058B18E /* Frameworks */,
			);
			sourceTree = "<group>";
		};
		237265292A3BC8EE004F4B3D /* Products */ = {
			isa = PBXGroup;
			children = (
				237265282A3BC8EE004F4B3D /* miami assistence.app */,
				237265382A3BC8EF004F4B3D /* miami assistenceTests.xctest */,
				237265422A3BC8EF004F4B3D /* miami assistenceUITests.xctest */,
				237B60872A4884D30058B18E /* OneSignalNotificationServiceExtension.appex */,
				237B60BE2A48B3D00058B18E /* MiamiAssistenceWidgetExtension.appex */,
			);
			name = Products;
			sourceTree = "<group>";
		};
		2372652A2A3BC8EE004F4B3D /* miami assistence */ = {
			isa = PBXGroup;
			children = (
				236B94632A5244E500941F6B /* GoogleService-Info.plist */,
				237B60992A48878B0058B18E /* miami assistence.entitlements */,
				237B609A2A4887A20058B18E /* miami-assistence-info.plist */,
				2354BE062A73ECDF003E4CA9 /* App */,
				237AE76F2A43A4BA005149F0 /* Core */,
				2305BCE82A4926D3009C7DAD /* Design */,
				23582F512A71E46900FDF7FE /* Module */,
				237265312A3BC8EF004F4B3D /* Preview Content */,
			);
			path = "miami assistence";
			sourceTree = "<group>";
		};
		237265312A3BC8EF004F4B3D /* Preview Content */ = {
			isa = PBXGroup;
			children = (
				237265322A3BC8EF004F4B3D /* Preview Assets.xcassets */,
			);
			path = "Preview Content";
			sourceTree = "<group>";
		};
		2372653B2A3BC8EF004F4B3D /* miami assistenceTests */ = {
			isa = PBXGroup;
			children = (
				2372653C2A3BC8EF004F4B3D /* miami_assistenceTests.swift */,
			);
			path = "miami assistenceTests";
			sourceTree = "<group>";
		};
		237265452A3BC8EF004F4B3D /* miami assistenceUITests */ = {
			isa = PBXGroup;
			children = (
				237265462A3BC8EF004F4B3D /* miami_assistenceUITests.swift */,
				237265482A3BC8EF004F4B3D /* miami_assistenceUITestsLaunchTests.swift */,
			);
			path = "miami assistenceUITests";
			sourceTree = "<group>";
		};
		237693492A73F79D0068E5BD /* Analitycs */ = {
			isa = PBXGroup;
			children = (
				2376934A2A73F7AC0068E5BD /* Analitycs.swift */,
			);
			path = Analitycs;
			sourceTree = "<group>";
		};
		237AE76F2A43A4BA005149F0 /* Core */ = {
			isa = PBXGroup;
			children = (
				237693492A73F79D0068E5BD /* Analitycs */,
				236DDDCB2A452BF600B0EE49 /* Extensions */,
			);
			path = Core;
			sourceTree = "<group>";
		};
		237AE7712A43A4D5005149F0 /* Assets */ = {
			isa = PBXGroup;
			children = (
				2372652F2A3BC8EF004F4B3D /* Assets.xcassets */,
				237AE77A2A45271B005149F0 /* Localizable.xcstrings */,
			);
			path = Assets;
			sourceTree = "<group>";
		};
		237B60882A4884D30058B18E /* OneSignalNotificationServiceExtension */ = {
			isa = PBXGroup;
			children = (
				237B609B2A4888CF0058B18E /* OneSignalNotificationServiceExtension.entitlements */,
				237B60892A4884D30058B18E /* NotificationService.swift */,
				237B608B2A4884D30058B18E /* Info.plist */,
			);
			path = OneSignalNotificationServiceExtension;
			sourceTree = "<group>";
		};
		237B60962A4886BF0058B18E /* Frameworks */ = {
			isa = PBXGroup;
			children = (
				237B609C2A488C8F0058B18E /* StoreKit.framework */,
				237B60A32A48B0D70058B18E /* WidgetKit.framework */,
				237B60A52A48B0D70058B18E /* SwiftUI.framework */,
			);
			name = Frameworks;
			sourceTree = "<group>";
		};
		237B60C12A48B3D00058B18E /* MiamiAssistenceWidget */ = {
			isa = PBXGroup;
			children = (
				237B60C22A48B3D00058B18E /* MiamiAssistenceWidgetBundle.swift */,
				237B60C42A48B3D00058B18E /* MiamiAssistenceWidget.swift */,
				237B60C62A48B3D10058B18E /* Assets.xcassets */,
				237B60C82A48B3D10058B18E /* Info.plist */,
			);
			path = MiamiAssistenceWidget;
			sourceTree = "<group>";
		};
		23978B782A55D694002ECB4A /* Root */ = {
			isa = PBXGroup;
			children = (
				2359917A2A7150B200C2677A /* Home */,
				235991782A714DCB00C2677A /* Onboarding */,
			);
			path = Root;
			sourceTree = "<group>";
		};
		23E2D1922A71BEA600180C1C /* Create Company */ = {
			isa = PBXGroup;
			children = (
				23E2D1942A71BEDB00180C1C /* CreateCompany.swift */,
				23E2D1962A71BEFD00180C1C /* CreateCompany+Feature.swift */,
				23E2D1982A71C0AF00180C1C /* CreateCompany+View.swift */,
			);
			path = "Create Company";
			sourceTree = "<group>";
		};
		23E2D1932A71BEC000180C1C /* Create Type Company */ = {
			isa = PBXGroup;
			children = (
				23E2D19C2A71CBDE00180C1C /* CreateTypeCompany.swift */,
				23E2D19E2A71CC6300180C1C /* CreateTypeCompany+Feature.swift */,
				23E2D1A02A71CD1B00180C1C /* CreateTypeCompany+View.swift */,
			);
			path = "Create Type Company";
			sourceTree = "<group>";
		};
		23E6F8372A98152600301968 /* Empty */ = {
			isa = PBXGroup;
			children = (
				23E6F8382A98153F00301968 /* TaskEmpty.swift */,
				23AC6D722AA51D1E0000D04B /* TaskEmpty+Feature.swift */,
				23AC6D742AA51D2D0000D04B /* TaskEmpty+View.swift */,
			);
			path = Empty;
			sourceTree = "<group>";
		};
/* End PBXGroup section */

/* Begin PBXNativeTarget section */
		237265272A3BC8EE004F4B3D /* miami assistence */ = {
			isa = PBXNativeTarget;
			buildConfigurationList = 2372654C2A3BC8EF004F4B3D /* Build configuration list for PBXNativeTarget "miami assistence" */;
			buildPhases = (
				237265242A3BC8EE004F4B3D /* Sources */,
				237265252A3BC8EE004F4B3D /* Frameworks */,
				237265262A3BC8EE004F4B3D /* Resources */,
				237B608F2A4884D40058B18E /* Embed Foundation Extensions */,
			);
			buildRules = (
			);
			dependencies = (
				237B608D2A4884D30058B18E /* PBXTargetDependency */,
				237B60CA2A48B3D10058B18E /* PBXTargetDependency */,
			);
			name = "miami assistence";
			packageProductDependencies = (
				237265582A3BCA02004F4B3D /* ComposableArchitecture */,
				237B60942A4886860058B18E /* OneSignal */,
				236B94682A52459100941F6B /* FirebaseAnalytics */,
				236B946A2A52459100941F6B /* FirebaseAnalyticsSwift */,
				236B94702A52459100941F6B /* FirebaseCrashlytics */,
				236B94722A52459100941F6B /* FirebaseRemoteConfig */,
				236B94742A52459100941F6B /* FirebaseRemoteConfigSwift */,
				236B94772A52539200941F6B /* GoogleSignIn */,
				236B94792A52539200941F6B /* GoogleSignInSwift */,
				237C3DED2A52E6E1001F4616 /* FirebaseAuth */,
				237C3DEF2A52E6E1001F4616 /* FirebaseAuthCombine-Community */,
			);
			productName = "miami assistence";
			productReference = 237265282A3BC8EE004F4B3D /* miami assistence.app */;
			productType = "com.apple.product-type.application";
		};
		237265372A3BC8EF004F4B3D /* miami assistenceTests */ = {
			isa = PBXNativeTarget;
			buildConfigurationList = 2372654F2A3BC8EF004F4B3D /* Build configuration list for PBXNativeTarget "miami assistenceTests" */;
			buildPhases = (
				237265342A3BC8EF004F4B3D /* Sources */,
				237265352A3BC8EF004F4B3D /* Frameworks */,
				237265362A3BC8EF004F4B3D /* Resources */,
			);
			buildRules = (
			);
			dependencies = (
				2372653A2A3BC8EF004F4B3D /* PBXTargetDependency */,
			);
			name = "miami assistenceTests";
			productName = "miami assistenceTests";
			productReference = 237265382A3BC8EF004F4B3D /* miami assistenceTests.xctest */;
			productType = "com.apple.product-type.bundle.unit-test";
		};
		237265412A3BC8EF004F4B3D /* miami assistenceUITests */ = {
			isa = PBXNativeTarget;
			buildConfigurationList = 237265522A3BC8EF004F4B3D /* Build configuration list for PBXNativeTarget "miami assistenceUITests" */;
			buildPhases = (
				2372653E2A3BC8EF004F4B3D /* Sources */,
				2372653F2A3BC8EF004F4B3D /* Frameworks */,
				237265402A3BC8EF004F4B3D /* Resources */,
			);
			buildRules = (
			);
			dependencies = (
				237265442A3BC8EF004F4B3D /* PBXTargetDependency */,
			);
			name = "miami assistenceUITests";
			productName = "miami assistenceUITests";
			productReference = 237265422A3BC8EF004F4B3D /* miami assistenceUITests.xctest */;
			productType = "com.apple.product-type.bundle.ui-testing";
		};
		237B60862A4884D30058B18E /* OneSignalNotificationServiceExtension */ = {
			isa = PBXNativeTarget;
			buildConfigurationList = 237B60922A4884D40058B18E /* Build configuration list for PBXNativeTarget "OneSignalNotificationServiceExtension" */;
			buildPhases = (
				237B60832A4884D30058B18E /* Sources */,
				237B60842A4884D30058B18E /* Frameworks */,
				237B60852A4884D30058B18E /* Resources */,
			);
			buildRules = (
			);
			dependencies = (
			);
			name = OneSignalNotificationServiceExtension;
			packageProductDependencies = (
				237B60972A4886BF0058B18E /* OneSignalExtension */,
			);
			productName = OneSignalNotificationServiceExtension;
			productReference = 237B60872A4884D30058B18E /* OneSignalNotificationServiceExtension.appex */;
			productType = "com.apple.product-type.app-extension";
		};
		237B60BD2A48B3D00058B18E /* MiamiAssistenceWidgetExtension */ = {
			isa = PBXNativeTarget;
			buildConfigurationList = 237B60CC2A48B3D10058B18E /* Build configuration list for PBXNativeTarget "MiamiAssistenceWidgetExtension" */;
			buildPhases = (
				237B60BA2A48B3D00058B18E /* Sources */,
				237B60BB2A48B3D00058B18E /* Frameworks */,
				237B60BC2A48B3D00058B18E /* Resources */,
			);
			buildRules = (
			);
			dependencies = (
			);
			name = MiamiAssistenceWidgetExtension;
			productName = MiamiAssistenceWidgetExtension;
			productReference = 237B60BE2A48B3D00058B18E /* MiamiAssistenceWidgetExtension.appex */;
			productType = "com.apple.product-type.app-extension";
		};
/* End PBXNativeTarget section */

/* Begin PBXProject section */
		237265202A3BC8EE004F4B3D /* Project object */ = {
			isa = PBXProject;
			attributes = {
				BuildIndependentTargetsInParallel = 1;
				LastSwiftUpdateCheck = 1500;
				LastUpgradeCheck = 1500;
				TargetAttributes = {
					237265272A3BC8EE004F4B3D = {
						CreatedOnToolsVersion = 15.0;
					};
					237265372A3BC8EF004F4B3D = {
						CreatedOnToolsVersion = 15.0;
						TestTargetID = 237265272A3BC8EE004F4B3D;
					};
					237265412A3BC8EF004F4B3D = {
						CreatedOnToolsVersion = 15.0;
						TestTargetID = 237265272A3BC8EE004F4B3D;
					};
					237B60862A4884D30058B18E = {
						CreatedOnToolsVersion = 15.0;
					};
					237B60BD2A48B3D00058B18E = {
						CreatedOnToolsVersion = 15.0;
					};
				};
			};
			buildConfigurationList = 237265232A3BC8EE004F4B3D /* Build configuration list for PBXProject "miami assistence" */;
			compatibilityVersion = "Xcode 14.0";
			developmentRegion = "pt-BR";
			hasScannedForEncodings = 0;
			knownRegions = (
				en,
				Base,
				"pt-BR",
			);
			mainGroup = 2372651F2A3BC8EE004F4B3D;
			packageReferences = (
				237265572A3BCA02004F4B3D /* XCRemoteSwiftPackageReference "swift-composable-architecture" */,
				2372655A2A3BCA18004F4B3D /* XCRemoteSwiftPackageReference "SwiftLint" */,
				237B60932A4886860058B18E /* XCRemoteSwiftPackageReference "OneSignal-XCFramework" */,
				236B94672A52459100941F6B /* XCRemoteSwiftPackageReference "firebase-ios-sdk" */,
				236B94762A52539200941F6B /* XCRemoteSwiftPackageReference "GoogleSignIn-iOS" */,
			);
			productRefGroup = 237265292A3BC8EE004F4B3D /* Products */;
			projectDirPath = "";
			projectRoot = "";
			targets = (
				237265272A3BC8EE004F4B3D /* miami assistence */,
				237265372A3BC8EF004F4B3D /* miami assistenceTests */,
				237265412A3BC8EF004F4B3D /* miami assistenceUITests */,
				237B60862A4884D30058B18E /* OneSignalNotificationServiceExtension */,
				237B60BD2A48B3D00058B18E /* MiamiAssistenceWidgetExtension */,
			);
		};
/* End PBXProject section */

/* Begin PBXResourcesBuildPhase section */
		237265262A3BC8EE004F4B3D /* Resources */ = {
			isa = PBXResourcesBuildPhase;
			buildActionMask = 2147483647;
			files = (
				235991822A715C1200C2677A /* README.md in Resources */,
				237265332A3BC8EF004F4B3D /* Preview Assets.xcassets in Resources */,
				237265302A3BC8EF004F4B3D /* Assets.xcassets in Resources */,
				236B94642A5244E500941F6B /* GoogleService-Info.plist in Resources */,
				2305BCEE2A49ADF8009C7DAD /* Launch Screen.storyboard in Resources */,
				237AE77B2A45271B005149F0 /* Localizable.xcstrings in Resources */,
			);
			runOnlyForDeploymentPostprocessing = 0;
		};
		237265362A3BC8EF004F4B3D /* Resources */ = {
			isa = PBXResourcesBuildPhase;
			buildActionMask = 2147483647;
			files = (
			);
			runOnlyForDeploymentPostprocessing = 0;
		};
		237265402A3BC8EF004F4B3D /* Resources */ = {
			isa = PBXResourcesBuildPhase;
			buildActionMask = 2147483647;
			files = (
			);
			runOnlyForDeploymentPostprocessing = 0;
		};
		237B60852A4884D30058B18E /* Resources */ = {
			isa = PBXResourcesBuildPhase;
			buildActionMask = 2147483647;
			files = (
				236B94652A5244E500941F6B /* GoogleService-Info.plist in Resources */,
			);
			runOnlyForDeploymentPostprocessing = 0;
		};
		237B60BC2A48B3D00058B18E /* Resources */ = {
			isa = PBXResourcesBuildPhase;
			buildActionMask = 2147483647;
			files = (
				237B60C72A48B3D10058B18E /* Assets.xcassets in Resources */,
				236B94662A5244E500941F6B /* GoogleService-Info.plist in Resources */,
			);
			runOnlyForDeploymentPostprocessing = 0;
		};
/* End PBXResourcesBuildPhase section */

/* Begin PBXSourcesBuildPhase section */
		237265242A3BC8EE004F4B3D /* Sources */ = {
			isa = PBXSourcesBuildPhase;
			buildActionMask = 2147483647;
			files = (
				236602562A94147500E9CA6A /* Progress.swift in Sources */,
				236602542A94146B00E9CA6A /* Progress+Feature.swift in Sources */,
				236F8C052AA69AFB006CC1BA /* Schedule+Feature.swift in Sources */,
				23978B7C2A55DBA4002ECB4A /* Date+Extension.swift in Sources */,
				231E6C982A8F1910009569C1 /* ButtonStyle+Extensions.swift in Sources */,
				2306FD932A8FCB5D002F323D /* Button+Design.swift in Sources */,
				236C129A2A940531002F8A66 /* RefreshableScrollView.swift in Sources */,
				23582F5F2A71EA0200FDF7FE /* Home+View.swift in Sources */,
				236C12852A9175A9002F8A66 /* HeaderToday+View.swift in Sources */,
				236C128E2A91BBB9002F8A66 /* Note.swift in Sources */,
				234749462A953CF400B19513 /* ScrollViewDetector.swift in Sources */,
				23582F572A71E53300FDF7FE /* Root+View.swift in Sources */,
				23AC6D732AA51D1E0000D04B /* TaskEmpty+Feature.swift in Sources */,
				2354BE0A2A73ECE4003E4CA9 /* App.swift in Sources */,
				236C127D2A90F7E1002F8A66 /* TaskCreate+View.swift in Sources */,
				23E2D19D2A71CBDE00180C1C /* CreateTypeCompany.swift in Sources */,
				236C12922A91BBCD002F8A66 /* Note+View.swift in Sources */,
				231E6C9D2A8F1964009569C1 /* ScaleButtonStyle.swift in Sources */,
				2354BE092A73ECE4003E4CA9 /* AppDelegate.swift in Sources */,
				231E6C9B2A8F1942009569C1 /* PressBorderedButtonStyle.swift in Sources */,
				23AC6D752AA51D2D0000D04B /* TaskEmpty+View.swift in Sources */,
				2306FDA12A8FD350002F323D /* Header.swift in Sources */,
				236C12902A91BBC6002F8A66 /* Note+Feature.swift in Sources */,
				2306FD9B2A8FCFFB002F323D /* Task+View.swift in Sources */,
				236C12812A917577002F8A66 /* HeaderToday.swift in Sources */,
				23582F5D2A71E9F900FDF7FE /* Home+Feature.swift in Sources */,
				23E2D1952A71BEDB00180C1C /* CreateCompany.swift in Sources */,
				2376934B2A73F7AC0068E5BD /* Analitycs.swift in Sources */,
				23582F632A72AA0B00FDF7FE /* Login.swift in Sources */,
				2305A5112AA2B09D008F9920 /* SwipeAction+Button.swift in Sources */,
				236F8C072AA69B02006CC1BA /* Schedule+View.swift in Sources */,
				23E2D1992A71C0AF00180C1C /* CreateCompany+View.swift in Sources */,
				23E2D19F2A71CC6300180C1C /* CreateTypeCompany+Feature.swift in Sources */,
				236C12942A923AF3002F8A66 /* Task+Model.swift in Sources */,
				235991862A715F0200C2677A /* Onboarding+Feature.swift in Sources */,
				2305A50F2AA2B039008F9920 /* SwipeAction.swift in Sources */,
				236C128A2A91BB9C002F8A66 /* TaskItem+Feature.swift in Sources */,
				236C12782A90F7C3002F8A66 /* TaskCreate.swift in Sources */,
				2306FD9F2A8FD346002F323D /* BottomSheet.swift in Sources */,
				231FF94E2A59FE8F0071CF74 /* Color+Extensions.swift in Sources */,
				236C127B2A90F7D8002F8A66 /* TaskCreate+Feature.swift in Sources */,
				23582F592A71E53E00FDF7FE /* Root+Feature.swift in Sources */,
				23C2A0E62A97CBF70073E5FC /* ImpactFeedbackGenerator+Extensions.swift in Sources */,
				23582F532A71E50600FDF7FE /* Root.swift in Sources */,
				2306FDA32A8FD5DC002F323D /* Header+Feature.swift in Sources */,
				2305A5132AA2B0A6008F9920 /* SwipeAction+View.swift in Sources */,
				23E6F8392A98153F00301968 /* TaskEmpty.swift in Sources */,
				236C128C2A91BBA8002F8A66 /* TaskItem+View.swift in Sources */,
				23582F672A72AA2A00FDF7FE /* Login+View.swift in Sources */,
				236C12832A917591002F8A66 /* HeaderToday+Feature.swift in Sources */,
				236C12882A91BB8C002F8A66 /* TaskItem.swift in Sources */,
				236DDDCD2A452C0B00B0EE49 /* String+Extension.swift in Sources */,
				2306FD972A8FCFEB002F323D /* Task.swift in Sources */,
				23429E9C2A9915BA00104F02 /* CheckboxToggleStyle.swift in Sources */,
				2306FD992A8FCFF4002F323D /* Task+Feature.swift in Sources */,
				236C12962A939116002F8A66 /* Home+Destination.swift in Sources */,
				2306FDA52A8FD5E6002F323D /* Header+View.swift in Sources */,
				236F8C032AA69AF2006CC1BA /* Schedule.swift in Sources */,
				23E2D1972A71BEFD00180C1C /* CreateCompany+Feature.swift in Sources */,
				2306FDA72A8FD5F4002F323D /* BottomSheet+Feature.swift in Sources */,
				235C8FD22A4B10930018CA55 /* View+Extensions.swift in Sources */,
				23582F652A72AA1F00FDF7FE /* Login+Feature.swift in Sources */,
				2306FDA92A8FD5FC002F323D /* BottomSheet+View.swift in Sources */,
				236602522A94146400E9CA6A /* Progress+View.swift in Sources */,
				235991852A715EFE00C2677A /* Onboarding.swift in Sources */,
				23E2D1A12A71CD1B00180C1C /* CreateTypeCompany+View.swift in Sources */,
				23582F5B2A71E9E600FDF7FE /* Home.swift in Sources */,
				235991872A715F0400C2677A /* Onboarding+View.swift in Sources */,
			);
			runOnlyForDeploymentPostprocessing = 0;
		};
		237265342A3BC8EF004F4B3D /* Sources */ = {
			isa = PBXSourcesBuildPhase;
			buildActionMask = 2147483647;
			files = (
				2372653D2A3BC8EF004F4B3D /* miami_assistenceTests.swift in Sources */,
			);
			runOnlyForDeploymentPostprocessing = 0;
		};
		2372653E2A3BC8EF004F4B3D /* Sources */ = {
			isa = PBXSourcesBuildPhase;
			buildActionMask = 2147483647;
			files = (
				237265492A3BC8EF004F4B3D /* miami_assistenceUITestsLaunchTests.swift in Sources */,
				237265472A3BC8EF004F4B3D /* miami_assistenceUITests.swift in Sources */,
			);
			runOnlyForDeploymentPostprocessing = 0;
		};
		237B60832A4884D30058B18E /* Sources */ = {
			isa = PBXSourcesBuildPhase;
			buildActionMask = 2147483647;
			files = (
				237B608A2A4884D30058B18E /* NotificationService.swift in Sources */,
			);
			runOnlyForDeploymentPostprocessing = 0;
		};
		237B60BA2A48B3D00058B18E /* Sources */ = {
			isa = PBXSourcesBuildPhase;
			buildActionMask = 2147483647;
			files = (
				237B60C32A48B3D00058B18E /* MiamiAssistenceWidgetBundle.swift in Sources */,
				237B60C52A48B3D00058B18E /* MiamiAssistenceWidget.swift in Sources */,
			);
			runOnlyForDeploymentPostprocessing = 0;
		};
/* End PBXSourcesBuildPhase section */

/* Begin PBXTargetDependency section */
		2372653A2A3BC8EF004F4B3D /* PBXTargetDependency */ = {
			isa = PBXTargetDependency;
			target = 237265272A3BC8EE004F4B3D /* miami assistence */;
			targetProxy = 237265392A3BC8EF004F4B3D /* PBXContainerItemProxy */;
		};
		237265442A3BC8EF004F4B3D /* PBXTargetDependency */ = {
			isa = PBXTargetDependency;
			target = 237265272A3BC8EE004F4B3D /* miami assistence */;
			targetProxy = 237265432A3BC8EF004F4B3D /* PBXContainerItemProxy */;
		};
		237B608D2A4884D30058B18E /* PBXTargetDependency */ = {
			isa = PBXTargetDependency;
			target = 237B60862A4884D30058B18E /* OneSignalNotificationServiceExtension */;
			targetProxy = 237B608C2A4884D30058B18E /* PBXContainerItemProxy */;
		};
		237B60CA2A48B3D10058B18E /* PBXTargetDependency */ = {
			isa = PBXTargetDependency;
			target = 237B60BD2A48B3D00058B18E /* MiamiAssistenceWidgetExtension */;
			targetProxy = 237B60C92A48B3D10058B18E /* PBXContainerItemProxy */;
		};
/* End PBXTargetDependency section */

/* Begin XCBuildConfiguration section */
		2372654A2A3BC8EF004F4B3D /* Debug */ = {
			isa = XCBuildConfiguration;
			buildSettings = {
				ALWAYS_SEARCH_USER_PATHS = NO;
				ASSETCATALOG_COMPILER_GENERATE_SWIFT_ASSET_SYMBOL_EXTENSIONS = YES;
				CLANG_ANALYZER_LOCALIZABILITY_NONLOCALIZED = YES;
				CLANG_ANALYZER_NONNULL = YES;
				CLANG_ANALYZER_NUMBER_OBJECT_CONVERSION = YES_AGGRESSIVE;
				CLANG_CXX_LANGUAGE_STANDARD = "gnu++20";
				CLANG_ENABLE_MODULES = YES;
				CLANG_ENABLE_OBJC_ARC = YES;
				CLANG_ENABLE_OBJC_WEAK = YES;
				CLANG_WARN_BLOCK_CAPTURE_AUTORELEASING = YES;
				CLANG_WARN_BOOL_CONVERSION = YES;
				CLANG_WARN_COMMA = YES;
				CLANG_WARN_CONSTANT_CONVERSION = YES;
				CLANG_WARN_DEPRECATED_OBJC_IMPLEMENTATIONS = YES;
				CLANG_WARN_DIRECT_OBJC_ISA_USAGE = YES_ERROR;
				CLANG_WARN_DOCUMENTATION_COMMENTS = YES;
				CLANG_WARN_EMPTY_BODY = YES;
				CLANG_WARN_ENUM_CONVERSION = YES;
				CLANG_WARN_INFINITE_RECURSION = YES;
				CLANG_WARN_INT_CONVERSION = YES;
				CLANG_WARN_NON_LITERAL_NULL_CONVERSION = YES;
				CLANG_WARN_OBJC_IMPLICIT_RETAIN_SELF = YES;
				CLANG_WARN_OBJC_LITERAL_CONVERSION = YES;
				CLANG_WARN_OBJC_ROOT_CLASS = YES_ERROR;
				CLANG_WARN_QUOTED_INCLUDE_IN_FRAMEWORK_HEADER = YES;
				CLANG_WARN_RANGE_LOOP_ANALYSIS = YES;
				CLANG_WARN_STRICT_PROTOTYPES = YES;
				CLANG_WARN_SUSPICIOUS_MOVE = YES;
				CLANG_WARN_UNGUARDED_AVAILABILITY = YES_AGGRESSIVE;
				CLANG_WARN_UNREACHABLE_CODE = YES;
				CLANG_WARN__DUPLICATE_METHOD_MATCH = YES;
				COPY_PHASE_STRIP = NO;
				DEBUG_INFORMATION_FORMAT = dwarf;
				ENABLE_STRICT_OBJC_MSGSEND = YES;
				ENABLE_TESTABILITY = YES;
				ENABLE_USER_SCRIPT_SANDBOXING = YES;
				GCC_C_LANGUAGE_STANDARD = gnu17;
				GCC_DYNAMIC_NO_PIC = NO;
				GCC_NO_COMMON_BLOCKS = YES;
				GCC_OPTIMIZATION_LEVEL = 0;
				GCC_PREPROCESSOR_DEFINITIONS = (
					"DEBUG=1",
					"$(inherited)",
				);
				GCC_WARN_64_TO_32_BIT_CONVERSION = YES;
				GCC_WARN_ABOUT_RETURN_TYPE = YES_ERROR;
				GCC_WARN_UNDECLARED_SELECTOR = YES;
				GCC_WARN_UNINITIALIZED_AUTOS = YES_AGGRESSIVE;
				GCC_WARN_UNUSED_FUNCTION = YES;
				GCC_WARN_UNUSED_VARIABLE = YES;
				IPHONEOS_DEPLOYMENT_TARGET = 17.0;
				LOCALIZATION_PREFERS_STRING_CATALOGS = YES;
				MTL_ENABLE_DEBUG_INFO = INCLUDE_SOURCE;
				MTL_FAST_MATH = YES;
				ONLY_ACTIVE_ARCH = YES;
				SDKROOT = iphoneos;
				SWIFT_ACTIVE_COMPILATION_CONDITIONS = "DEBUG $(inherited)";
				SWIFT_OPTIMIZATION_LEVEL = "-Onone";
			};
			name = Debug;
		};
		2372654B2A3BC8EF004F4B3D /* Release */ = {
			isa = XCBuildConfiguration;
			buildSettings = {
				ALWAYS_SEARCH_USER_PATHS = NO;
				ASSETCATALOG_COMPILER_GENERATE_SWIFT_ASSET_SYMBOL_EXTENSIONS = YES;
				CLANG_ANALYZER_LOCALIZABILITY_NONLOCALIZED = YES;
				CLANG_ANALYZER_NONNULL = YES;
				CLANG_ANALYZER_NUMBER_OBJECT_CONVERSION = YES_AGGRESSIVE;
				CLANG_CXX_LANGUAGE_STANDARD = "gnu++20";
				CLANG_ENABLE_MODULES = YES;
				CLANG_ENABLE_OBJC_ARC = YES;
				CLANG_ENABLE_OBJC_WEAK = YES;
				CLANG_WARN_BLOCK_CAPTURE_AUTORELEASING = YES;
				CLANG_WARN_BOOL_CONVERSION = YES;
				CLANG_WARN_COMMA = YES;
				CLANG_WARN_CONSTANT_CONVERSION = YES;
				CLANG_WARN_DEPRECATED_OBJC_IMPLEMENTATIONS = YES;
				CLANG_WARN_DIRECT_OBJC_ISA_USAGE = YES_ERROR;
				CLANG_WARN_DOCUMENTATION_COMMENTS = YES;
				CLANG_WARN_EMPTY_BODY = YES;
				CLANG_WARN_ENUM_CONVERSION = YES;
				CLANG_WARN_INFINITE_RECURSION = YES;
				CLANG_WARN_INT_CONVERSION = YES;
				CLANG_WARN_NON_LITERAL_NULL_CONVERSION = YES;
				CLANG_WARN_OBJC_IMPLICIT_RETAIN_SELF = YES;
				CLANG_WARN_OBJC_LITERAL_CONVERSION = YES;
				CLANG_WARN_OBJC_ROOT_CLASS = YES_ERROR;
				CLANG_WARN_QUOTED_INCLUDE_IN_FRAMEWORK_HEADER = YES;
				CLANG_WARN_RANGE_LOOP_ANALYSIS = YES;
				CLANG_WARN_STRICT_PROTOTYPES = YES;
				CLANG_WARN_SUSPICIOUS_MOVE = YES;
				CLANG_WARN_UNGUARDED_AVAILABILITY = YES_AGGRESSIVE;
				CLANG_WARN_UNREACHABLE_CODE = YES;
				CLANG_WARN__DUPLICATE_METHOD_MATCH = YES;
				COPY_PHASE_STRIP = NO;
				DEBUG_INFORMATION_FORMAT = "dwarf-with-dsym";
				ENABLE_NS_ASSERTIONS = NO;
				ENABLE_STRICT_OBJC_MSGSEND = YES;
				ENABLE_USER_SCRIPT_SANDBOXING = YES;
				GCC_C_LANGUAGE_STANDARD = gnu17;
				GCC_NO_COMMON_BLOCKS = YES;
				GCC_WARN_64_TO_32_BIT_CONVERSION = YES;
				GCC_WARN_ABOUT_RETURN_TYPE = YES_ERROR;
				GCC_WARN_UNDECLARED_SELECTOR = YES;
				GCC_WARN_UNINITIALIZED_AUTOS = YES_AGGRESSIVE;
				GCC_WARN_UNUSED_FUNCTION = YES;
				GCC_WARN_UNUSED_VARIABLE = YES;
				IPHONEOS_DEPLOYMENT_TARGET = 17.0;
				LOCALIZATION_PREFERS_STRING_CATALOGS = YES;
				MTL_ENABLE_DEBUG_INFO = NO;
				MTL_FAST_MATH = YES;
				SDKROOT = iphoneos;
				SWIFT_COMPILATION_MODE = wholemodule;
				VALIDATE_PRODUCT = YES;
			};
			name = Release;
		};
		2372654D2A3BC8EF004F4B3D /* Debug */ = {
			isa = XCBuildConfiguration;
			buildSettings = {
				ALWAYS_EMBED_SWIFT_STANDARD_LIBRARIES = YES;
				ASSETCATALOG_COMPILER_APPICON_NAME = AppIcon;
				ASSETCATALOG_COMPILER_GLOBAL_ACCENT_COLOR_NAME = AccentColor;
				CODE_SIGN_ENTITLEMENTS = "miami assistence/miami assistence.entitlements";
				CODE_SIGN_STYLE = Automatic;
				CURRENT_PROJECT_VERSION = 1;
				DEVELOPMENT_ASSET_PATHS = "\"miami assistence/Preview Content\"";
				DEVELOPMENT_TEAM = Z42V6W967K;
				ENABLE_PREVIEWS = YES;
				GENERATE_INFOPLIST_FILE = YES;
				INFOPLIST_FILE = "miami-assistence-Info.plist";
				INFOPLIST_KEY_CFBundleDisplayName = Cashew;
				INFOPLIST_KEY_LSApplicationCategoryType = "public.app-category.productivity";
				INFOPLIST_KEY_UIApplicationSceneManifest_Generation = YES;
				INFOPLIST_KEY_UIApplicationSupportsIndirectInputEvents = YES;
				INFOPLIST_KEY_UILaunchScreen_Generation = YES;
				INFOPLIST_KEY_UILaunchStoryboardName = "Launch Screen.storyboard";
				INFOPLIST_KEY_UISupportedInterfaceOrientations = UIInterfaceOrientationPortrait;
				INFOPLIST_KEY_UISupportedInterfaceOrientations_iPad = "UIInterfaceOrientationLandscapeLeft UIInterfaceOrientationLandscapeRight UIInterfaceOrientationPortrait UIInterfaceOrientationPortraitUpsideDown";
				IPHONEOS_DEPLOYMENT_TARGET = 17.0;
				LD_RUNPATH_SEARCH_PATHS = (
					"$(inherited)",
					"@executable_path/Frameworks",
				);
				MARKETING_VERSION = 1.0;
				PRODUCT_BUNDLE_IDENTIFIER = "io.souzarodrigo.miami-assistence";
				PRODUCT_NAME = "$(TARGET_NAME)";
				SWIFT_EMIT_LOC_STRINGS = YES;
				SWIFT_VERSION = 5.0;
				TARGETED_DEVICE_FAMILY = "1,2";
			};
			name = Debug;
		};
		2372654E2A3BC8EF004F4B3D /* Release */ = {
			isa = XCBuildConfiguration;
			buildSettings = {
				ALWAYS_EMBED_SWIFT_STANDARD_LIBRARIES = YES;
				ASSETCATALOG_COMPILER_APPICON_NAME = AppIcon;
				ASSETCATALOG_COMPILER_GLOBAL_ACCENT_COLOR_NAME = AccentColor;
				CODE_SIGN_ENTITLEMENTS = "miami assistence/miami assistence.entitlements";
				CODE_SIGN_STYLE = Automatic;
				CURRENT_PROJECT_VERSION = 1;
				DEVELOPMENT_ASSET_PATHS = "\"miami assistence/Preview Content\"";
				DEVELOPMENT_TEAM = Z42V6W967K;
				ENABLE_PREVIEWS = YES;
				GENERATE_INFOPLIST_FILE = YES;
				INFOPLIST_FILE = "miami-assistence-Info.plist";
				INFOPLIST_KEY_CFBundleDisplayName = Cashew;
				INFOPLIST_KEY_LSApplicationCategoryType = "public.app-category.productivity";
				INFOPLIST_KEY_UIApplicationSceneManifest_Generation = YES;
				INFOPLIST_KEY_UIApplicationSupportsIndirectInputEvents = YES;
				INFOPLIST_KEY_UILaunchScreen_Generation = YES;
				INFOPLIST_KEY_UILaunchStoryboardName = "Launch Screen.storyboard";
				INFOPLIST_KEY_UISupportedInterfaceOrientations = UIInterfaceOrientationPortrait;
				INFOPLIST_KEY_UISupportedInterfaceOrientations_iPad = "UIInterfaceOrientationLandscapeLeft UIInterfaceOrientationLandscapeRight UIInterfaceOrientationPortrait UIInterfaceOrientationPortraitUpsideDown";
				IPHONEOS_DEPLOYMENT_TARGET = 17.0;
				LD_RUNPATH_SEARCH_PATHS = (
					"$(inherited)",
					"@executable_path/Frameworks",
				);
				MARKETING_VERSION = 1.0;
				PRODUCT_BUNDLE_IDENTIFIER = "io.souzarodrigo.miami-assistence";
				PRODUCT_NAME = "$(TARGET_NAME)";
				SWIFT_EMIT_LOC_STRINGS = YES;
				SWIFT_VERSION = 5.0;
				TARGETED_DEVICE_FAMILY = "1,2";
			};
			name = Release;
		};
		237265502A3BC8EF004F4B3D /* Debug */ = {
			isa = XCBuildConfiguration;
			buildSettings = {
				ALWAYS_EMBED_SWIFT_STANDARD_LIBRARIES = YES;
				BUNDLE_LOADER = "$(TEST_HOST)";
				CODE_SIGN_STYLE = Automatic;
				CURRENT_PROJECT_VERSION = 1;
				DEVELOPMENT_TEAM = Z42V6W967K;
				GENERATE_INFOPLIST_FILE = YES;
				IPHONEOS_DEPLOYMENT_TARGET = 17.0;
				MARKETING_VERSION = 1.0;
				PRODUCT_BUNDLE_IDENTIFIER = "io.souzarodrigo.miami-assistenceTests";
				PRODUCT_NAME = "$(TARGET_NAME)";
				SWIFT_EMIT_LOC_STRINGS = NO;
				SWIFT_VERSION = 5.0;
				TARGETED_DEVICE_FAMILY = "1,2";
				TEST_HOST = "$(BUILT_PRODUCTS_DIR)/miami assistence.app/$(BUNDLE_EXECUTABLE_FOLDER_PATH)/miami assistence";
			};
			name = Debug;
		};
		237265512A3BC8EF004F4B3D /* Release */ = {
			isa = XCBuildConfiguration;
			buildSettings = {
				ALWAYS_EMBED_SWIFT_STANDARD_LIBRARIES = YES;
				BUNDLE_LOADER = "$(TEST_HOST)";
				CODE_SIGN_STYLE = Automatic;
				CURRENT_PROJECT_VERSION = 1;
				DEVELOPMENT_TEAM = Z42V6W967K;
				GENERATE_INFOPLIST_FILE = YES;
				IPHONEOS_DEPLOYMENT_TARGET = 17.0;
				MARKETING_VERSION = 1.0;
				PRODUCT_BUNDLE_IDENTIFIER = "io.souzarodrigo.miami-assistenceTests";
				PRODUCT_NAME = "$(TARGET_NAME)";
				SWIFT_EMIT_LOC_STRINGS = NO;
				SWIFT_VERSION = 5.0;
				TARGETED_DEVICE_FAMILY = "1,2";
				TEST_HOST = "$(BUILT_PRODUCTS_DIR)/miami assistence.app/$(BUNDLE_EXECUTABLE_FOLDER_PATH)/miami assistence";
			};
			name = Release;
		};
		237265532A3BC8EF004F4B3D /* Debug */ = {
			isa = XCBuildConfiguration;
			buildSettings = {
				ALWAYS_EMBED_SWIFT_STANDARD_LIBRARIES = YES;
				CODE_SIGN_STYLE = Automatic;
				CURRENT_PROJECT_VERSION = 1;
				DEVELOPMENT_TEAM = Z42V6W967K;
				GENERATE_INFOPLIST_FILE = YES;
				MARKETING_VERSION = 1.0;
				PRODUCT_BUNDLE_IDENTIFIER = "io.souzarodrigo.miami-assistenceUITests";
				PRODUCT_NAME = "$(TARGET_NAME)";
				SWIFT_EMIT_LOC_STRINGS = NO;
				SWIFT_VERSION = 5.0;
				TARGETED_DEVICE_FAMILY = "1,2";
				TEST_TARGET_NAME = "miami assistence";
			};
			name = Debug;
		};
		237265542A3BC8EF004F4B3D /* Release */ = {
			isa = XCBuildConfiguration;
			buildSettings = {
				ALWAYS_EMBED_SWIFT_STANDARD_LIBRARIES = YES;
				CODE_SIGN_STYLE = Automatic;
				CURRENT_PROJECT_VERSION = 1;
				DEVELOPMENT_TEAM = Z42V6W967K;
				GENERATE_INFOPLIST_FILE = YES;
				MARKETING_VERSION = 1.0;
				PRODUCT_BUNDLE_IDENTIFIER = "io.souzarodrigo.miami-assistenceUITests";
				PRODUCT_NAME = "$(TARGET_NAME)";
				SWIFT_EMIT_LOC_STRINGS = NO;
				SWIFT_VERSION = 5.0;
				TARGETED_DEVICE_FAMILY = "1,2";
				TEST_TARGET_NAME = "miami assistence";
			};
			name = Release;
		};
		237B60902A4884D40058B18E /* Debug */ = {
			isa = XCBuildConfiguration;
			buildSettings = {
				CODE_SIGN_ENTITLEMENTS = OneSignalNotificationServiceExtension/OneSignalNotificationServiceExtension.entitlements;
				CODE_SIGN_STYLE = Automatic;
				CURRENT_PROJECT_VERSION = 1;
				DEVELOPMENT_TEAM = Z42V6W967K;
				GENERATE_INFOPLIST_FILE = YES;
				INFOPLIST_FILE = OneSignalNotificationServiceExtension/Info.plist;
				INFOPLIST_KEY_CFBundleDisplayName = OneSignalNotificationServiceExtension;
				INFOPLIST_KEY_NSHumanReadableCopyright = "";
				IPHONEOS_DEPLOYMENT_TARGET = 17.0;
				LD_RUNPATH_SEARCH_PATHS = (
					"$(inherited)",
					"@executable_path/Frameworks",
					"@executable_path/../../Frameworks",
				);
				MARKETING_VERSION = 1.0;
				PRODUCT_BUNDLE_IDENTIFIER = "io.souzarodrigo.miami-assistence.OneSignalNotificationServiceExtension";
				PRODUCT_NAME = "$(TARGET_NAME)";
				SKIP_INSTALL = YES;
				SWIFT_EMIT_LOC_STRINGS = YES;
				SWIFT_VERSION = 5.0;
				TARGETED_DEVICE_FAMILY = "1,2";
			};
			name = Debug;
		};
		237B60912A4884D40058B18E /* Release */ = {
			isa = XCBuildConfiguration;
			buildSettings = {
				CODE_SIGN_ENTITLEMENTS = OneSignalNotificationServiceExtension/OneSignalNotificationServiceExtension.entitlements;
				CODE_SIGN_STYLE = Automatic;
				CURRENT_PROJECT_VERSION = 1;
				DEVELOPMENT_TEAM = Z42V6W967K;
				GENERATE_INFOPLIST_FILE = YES;
				INFOPLIST_FILE = OneSignalNotificationServiceExtension/Info.plist;
				INFOPLIST_KEY_CFBundleDisplayName = OneSignalNotificationServiceExtension;
				INFOPLIST_KEY_NSHumanReadableCopyright = "";
				IPHONEOS_DEPLOYMENT_TARGET = 17.0;
				LD_RUNPATH_SEARCH_PATHS = (
					"$(inherited)",
					"@executable_path/Frameworks",
					"@executable_path/../../Frameworks",
				);
				MARKETING_VERSION = 1.0;
				PRODUCT_BUNDLE_IDENTIFIER = "io.souzarodrigo.miami-assistence.OneSignalNotificationServiceExtension";
				PRODUCT_NAME = "$(TARGET_NAME)";
				SKIP_INSTALL = YES;
				SWIFT_EMIT_LOC_STRINGS = YES;
				SWIFT_VERSION = 5.0;
				TARGETED_DEVICE_FAMILY = "1,2";
			};
			name = Release;
		};
		237B60CD2A48B3D10058B18E /* Debug */ = {
			isa = XCBuildConfiguration;
			buildSettings = {
				ASSETCATALOG_COMPILER_GLOBAL_ACCENT_COLOR_NAME = AccentColor;
				ASSETCATALOG_COMPILER_WIDGET_BACKGROUND_COLOR_NAME = WidgetBackground;
				CODE_SIGN_ENTITLEMENTS = MiamiAssistenceWidgetExtension.entitlements;
				CODE_SIGN_STYLE = Automatic;
				CURRENT_PROJECT_VERSION = 1;
				DEVELOPMENT_TEAM = Z42V6W967K;
				GENERATE_INFOPLIST_FILE = YES;
				INFOPLIST_FILE = MiamiAssistenceWidget/Info.plist;
				INFOPLIST_KEY_CFBundleDisplayName = MiamiAssistenceWidget;
				INFOPLIST_KEY_NSHumanReadableCopyright = "";
				IPHONEOS_DEPLOYMENT_TARGET = 17.0;
				LD_RUNPATH_SEARCH_PATHS = (
					"$(inherited)",
					"@executable_path/Frameworks",
					"@executable_path/../../Frameworks",
				);
				MARKETING_VERSION = 1.0;
				PRODUCT_BUNDLE_IDENTIFIER = "io.souzarodrigo.miami-assistence.MiamiAssistenceWidget";
				PRODUCT_NAME = "$(TARGET_NAME)";
				SKIP_INSTALL = YES;
				SWIFT_EMIT_LOC_STRINGS = YES;
				SWIFT_VERSION = 5.0;
				TARGETED_DEVICE_FAMILY = "1,2";
			};
			name = Debug;
		};
		237B60CE2A48B3D10058B18E /* Release */ = {
			isa = XCBuildConfiguration;
			buildSettings = {
				ASSETCATALOG_COMPILER_GLOBAL_ACCENT_COLOR_NAME = AccentColor;
				ASSETCATALOG_COMPILER_WIDGET_BACKGROUND_COLOR_NAME = WidgetBackground;
				CODE_SIGN_ENTITLEMENTS = MiamiAssistenceWidgetExtension.entitlements;
				CODE_SIGN_STYLE = Automatic;
				CURRENT_PROJECT_VERSION = 1;
				DEVELOPMENT_TEAM = Z42V6W967K;
				GENERATE_INFOPLIST_FILE = YES;
				INFOPLIST_FILE = MiamiAssistenceWidget/Info.plist;
				INFOPLIST_KEY_CFBundleDisplayName = MiamiAssistenceWidget;
				INFOPLIST_KEY_NSHumanReadableCopyright = "";
				IPHONEOS_DEPLOYMENT_TARGET = 17.0;
				LD_RUNPATH_SEARCH_PATHS = (
					"$(inherited)",
					"@executable_path/Frameworks",
					"@executable_path/../../Frameworks",
				);
				MARKETING_VERSION = 1.0;
				PRODUCT_BUNDLE_IDENTIFIER = "io.souzarodrigo.miami-assistence.MiamiAssistenceWidget";
				PRODUCT_NAME = "$(TARGET_NAME)";
				SKIP_INSTALL = YES;
				SWIFT_EMIT_LOC_STRINGS = YES;
				SWIFT_VERSION = 5.0;
				TARGETED_DEVICE_FAMILY = "1,2";
			};
			name = Release;
		};
/* End XCBuildConfiguration section */

/* Begin XCConfigurationList section */
		237265232A3BC8EE004F4B3D /* Build configuration list for PBXProject "miami assistence" */ = {
			isa = XCConfigurationList;
			buildConfigurations = (
				2372654A2A3BC8EF004F4B3D /* Debug */,
				2372654B2A3BC8EF004F4B3D /* Release */,
			);
			defaultConfigurationIsVisible = 0;
			defaultConfigurationName = Release;
		};
		2372654C2A3BC8EF004F4B3D /* Build configuration list for PBXNativeTarget "miami assistence" */ = {
			isa = XCConfigurationList;
			buildConfigurations = (
				2372654D2A3BC8EF004F4B3D /* Debug */,
				2372654E2A3BC8EF004F4B3D /* Release */,
			);
			defaultConfigurationIsVisible = 0;
			defaultConfigurationName = Release;
		};
		2372654F2A3BC8EF004F4B3D /* Build configuration list for PBXNativeTarget "miami assistenceTests" */ = {
			isa = XCConfigurationList;
			buildConfigurations = (
				237265502A3BC8EF004F4B3D /* Debug */,
				237265512A3BC8EF004F4B3D /* Release */,
			);
			defaultConfigurationIsVisible = 0;
			defaultConfigurationName = Release;
		};
		237265522A3BC8EF004F4B3D /* Build configuration list for PBXNativeTarget "miami assistenceUITests" */ = {
			isa = XCConfigurationList;
			buildConfigurations = (
				237265532A3BC8EF004F4B3D /* Debug */,
				237265542A3BC8EF004F4B3D /* Release */,
			);
			defaultConfigurationIsVisible = 0;
			defaultConfigurationName = Release;
		};
		237B60922A4884D40058B18E /* Build configuration list for PBXNativeTarget "OneSignalNotificationServiceExtension" */ = {
			isa = XCConfigurationList;
			buildConfigurations = (
				237B60902A4884D40058B18E /* Debug */,
				237B60912A4884D40058B18E /* Release */,
			);
			defaultConfigurationIsVisible = 0;
			defaultConfigurationName = Release;
		};
		237B60CC2A48B3D10058B18E /* Build configuration list for PBXNativeTarget "MiamiAssistenceWidgetExtension" */ = {
			isa = XCConfigurationList;
			buildConfigurations = (
				237B60CD2A48B3D10058B18E /* Debug */,
				237B60CE2A48B3D10058B18E /* Release */,
			);
			defaultConfigurationIsVisible = 0;
			defaultConfigurationName = Release;
		};
/* End XCConfigurationList section */

/* Begin XCRemoteSwiftPackageReference section */
		236B94672A52459100941F6B /* XCRemoteSwiftPackageReference "firebase-ios-sdk" */ = {
			isa = XCRemoteSwiftPackageReference;
			repositoryURL = "https://github.com/firebase/firebase-ios-sdk";
			requirement = {
				kind = upToNextMajorVersion;
				minimumVersion = 10.11.0;
			};
		};
		236B94762A52539200941F6B /* XCRemoteSwiftPackageReference "GoogleSignIn-iOS" */ = {
			isa = XCRemoteSwiftPackageReference;
			repositoryURL = "https://github.com/google/GoogleSignIn-iOS";
			requirement = {
				kind = upToNextMajorVersion;
				minimumVersion = 7.0.0;
			};
		};
		237265572A3BCA02004F4B3D /* XCRemoteSwiftPackageReference "swift-composable-architecture" */ = {
			isa = XCRemoteSwiftPackageReference;
			repositoryURL = "git@github.com:pointfreeco/swift-composable-architecture.git";
			requirement = {
				kind = upToNextMajorVersion;
				minimumVersion = 1.1.0;
			};
		};
		2372655A2A3BCA18004F4B3D /* XCRemoteSwiftPackageReference "SwiftLint" */ = {
			isa = XCRemoteSwiftPackageReference;
			repositoryURL = "https://github.com/realm/SwiftLint";
			requirement = {
				kind = upToNextMajorVersion;
				minimumVersion = 0.52.2;
			};
		};
		237B60932A4886860058B18E /* XCRemoteSwiftPackageReference "OneSignal-XCFramework" */ = {
			isa = XCRemoteSwiftPackageReference;
			repositoryURL = "https://github.com/OneSignal/OneSignal-XCFramework";
			requirement = {
				kind = upToNextMajorVersion;
				minimumVersion = 3.12.5;
			};
		};
/* End XCRemoteSwiftPackageReference section */

/* Begin XCSwiftPackageProductDependency section */
		236B94682A52459100941F6B /* FirebaseAnalytics */ = {
			isa = XCSwiftPackageProductDependency;
			package = 236B94672A52459100941F6B /* XCRemoteSwiftPackageReference "firebase-ios-sdk" */;
			productName = FirebaseAnalytics;
		};
		236B946A2A52459100941F6B /* FirebaseAnalyticsSwift */ = {
			isa = XCSwiftPackageProductDependency;
			package = 236B94672A52459100941F6B /* XCRemoteSwiftPackageReference "firebase-ios-sdk" */;
			productName = FirebaseAnalyticsSwift;
		};
		236B94702A52459100941F6B /* FirebaseCrashlytics */ = {
			isa = XCSwiftPackageProductDependency;
			package = 236B94672A52459100941F6B /* XCRemoteSwiftPackageReference "firebase-ios-sdk" */;
			productName = FirebaseCrashlytics;
		};
		236B94722A52459100941F6B /* FirebaseRemoteConfig */ = {
			isa = XCSwiftPackageProductDependency;
			package = 236B94672A52459100941F6B /* XCRemoteSwiftPackageReference "firebase-ios-sdk" */;
			productName = FirebaseRemoteConfig;
		};
		236B94742A52459100941F6B /* FirebaseRemoteConfigSwift */ = {
			isa = XCSwiftPackageProductDependency;
			package = 236B94672A52459100941F6B /* XCRemoteSwiftPackageReference "firebase-ios-sdk" */;
			productName = FirebaseRemoteConfigSwift;
		};
		236B94772A52539200941F6B /* GoogleSignIn */ = {
			isa = XCSwiftPackageProductDependency;
			package = 236B94762A52539200941F6B /* XCRemoteSwiftPackageReference "GoogleSignIn-iOS" */;
			productName = GoogleSignIn;
		};
		236B94792A52539200941F6B /* GoogleSignInSwift */ = {
			isa = XCSwiftPackageProductDependency;
			package = 236B94762A52539200941F6B /* XCRemoteSwiftPackageReference "GoogleSignIn-iOS" */;
			productName = GoogleSignInSwift;
		};
		237265582A3BCA02004F4B3D /* ComposableArchitecture */ = {
			isa = XCSwiftPackageProductDependency;
			package = 237265572A3BCA02004F4B3D /* XCRemoteSwiftPackageReference "swift-composable-architecture" */;
			productName = ComposableArchitecture;
		};
		237B60942A4886860058B18E /* OneSignal */ = {
			isa = XCSwiftPackageProductDependency;
			package = 237B60932A4886860058B18E /* XCRemoteSwiftPackageReference "OneSignal-XCFramework" */;
			productName = OneSignal;
		};
		237B60972A4886BF0058B18E /* OneSignalExtension */ = {
			isa = XCSwiftPackageProductDependency;
			package = 237B60932A4886860058B18E /* XCRemoteSwiftPackageReference "OneSignal-XCFramework" */;
			productName = OneSignalExtension;
		};
		237C3DED2A52E6E1001F4616 /* FirebaseAuth */ = {
			isa = XCSwiftPackageProductDependency;
			package = 236B94672A52459100941F6B /* XCRemoteSwiftPackageReference "firebase-ios-sdk" */;
			productName = FirebaseAuth;
		};
		237C3DEF2A52E6E1001F4616 /* FirebaseAuthCombine-Community */ = {
			isa = XCSwiftPackageProductDependency;
			package = 236B94672A52459100941F6B /* XCRemoteSwiftPackageReference "firebase-ios-sdk" */;
			productName = "FirebaseAuthCombine-Community";
		};
/* End XCSwiftPackageProductDependency section */
	};
	rootObject = 237265202A3BC8EE004F4B3D /* Project object */;
}
